{
  "version": 4,
  "terraform_version": "1.7.5",
  "serial": 46,
  "lineage": "906b019d-ca61-104f-4d4a-3fb29a6a7570",
  "outputs": {
    "aks_name": {
      "value": "eventhub-lab-aks",
      "type": "string"
    },
    "app_insights_instrumentation_key": {
      "value": "722e1c5e-f630-4334-8fc0-768ab35002ec",
      "type": "string",
      "sensitive": true
    },
    "eventhub_namespace_name": {
      "value": "evthubnamespace2344",
      "type": "string"
    },
    "key_vault_id": {
      "value": "/subscriptions/d346dce2-8e13-402b-82ff-8aff3ec09c07/resourceGroups/eventhub-lab/providers/Microsoft.KeyVault/vaults/eventhub-lab-kv",
      "type": "string"
    },
    "workload_identity_client_id": {
      "value": "e9ce2e8d-4679-48de-a8fd-00c03f7f7ede",
      "type": "string"
    }
  },
  "resources": [
    {
      "mode": "data",
      "type": "azurerm_client_config",
      "name": "current",
      "provider": "provider[\"registry.terraform.io/hashicorp/azurerm\"]",
      "instances": [
        {
          "schema_version": 0,
          "attributes": {
            "client_id": "04b07795-8ddb-461a-bbee-02f9e1bf7b46",
            "id": "Y2xpZW50Q29uZmlncy9jbGllbnRJZD0wNGIwNzc5NS04ZGRiLTQ2MWEtYmJlZS0wMmY5ZTFiZjdiNDY7b2JqZWN0SWQ9YTIzY2I0ZmYtNmYwYS00YTQ0LWJhMzgtMGUzY2NjZDAwOTFhO3N1YnNjcmlwdGlvbklkPWQzNDZkY2UyLThlMTMtNDAyYi04MmZmLThhZmYzZWMwOWMwNzt0ZW5hbnRJZD0xNmIzYzAxMy1kMzAwLTQ2OGQtYWM2NC03ZWRhMDgyMGI2ZDM=",
            "object_id": "a23cb4ff-6f0a-4a44-ba38-0e3cccd0091a",
            "subscription_id": "d346dce2-8e13-402b-82ff-8aff3ec09c07",
            "tenant_id": "16b3c013-d300-468d-ac64-7eda0820b6d3",
            "timeouts": null
          },
          "sensitive_attributes": []
        }
      ]
    },
    {
      "mode": "managed",
      "type": "azurerm_application_insights",
      "name": "app_insights",
      "provider": "provider[\"registry.terraform.io/hashicorp/azurerm\"]",
      "instances": [
        {
          "schema_version": 2,
          "attributes": {
            "app_id": "a4d1ecde-c5f3-4177-a04e-5f8c3e3fdb58",
            "application_type": "other",
            "connection_string": "InstrumentationKey=722e1c5e-f630-4334-8fc0-768ab35002ec;IngestionEndpoint=https://northeurope-3.in.applicationinsights.azure.com/;LiveEndpoint=https://northeurope.livediagnostics.monitor.azure.com/;ApplicationId=a4d1ecde-c5f3-4177-a04e-5f8c3e3fdb58",
            "daily_data_cap_in_gb": 100,
            "daily_data_cap_notifications_disabled": false,
            "disable_ip_masking": false,
            "force_customer_storage_for_profiler": false,
            "id": "/subscriptions/d346dce2-8e13-402b-82ff-8aff3ec09c07/resourceGroups/eventhub-lab/providers/Microsoft.Insights/components/eventhub-lab-ai",
            "instrumentation_key": "722e1c5e-f630-4334-8fc0-768ab35002ec",
            "internet_ingestion_enabled": true,
            "internet_query_enabled": true,
            "local_authentication_disabled": false,
            "location": "northeurope",
            "name": "eventhub-lab-ai",
            "resource_group_name": "eventhub-lab",
            "retention_in_days": 90,
            "sampling_percentage": 100,
            "tags": {},
            "timeouts": null,
            "workspace_id": ""
          },
          "sensitive_attributes": [],
          "private": "eyJlMmJmYjczMC1lY2FhLTExZTYtOGY4OC0zNDM2M2JjN2M0YzAiOnsiY3JlYXRlIjozNjAwMDAwMDAwMDAwLCJkZWxldGUiOjE4MDAwMDAwMDAwMDAsInJlYWQiOjMwMDAwMDAwMDAwMCwidXBkYXRlIjoxODAwMDAwMDAwMDAwfSwic2NoZW1hX3ZlcnNpb24iOiIyIn0=",
          "dependencies": [
            "azurerm_resource_group.eventhub_resource_group"
          ]
        }
      ]
    },
    {
      "mode": "managed",
      "type": "azurerm_eventhub",
      "name": "eventhub",
      "provider": "provider[\"registry.terraform.io/hashicorp/azurerm\"]",
      "instances": [
        {
          "schema_version": 0,
          "attributes": {
            "capture_description": [],
            "id": "/subscriptions/d346dce2-8e13-402b-82ff-8aff3ec09c07/resourceGroups/eventhub-lab/providers/Microsoft.EventHub/namespaces/evthubnamespace2344/eventhubs/myeventhub",
            "message_retention": 1,
            "name": "myeventhub",
            "namespace_name": "evthubnamespace2344",
            "partition_count": 2,
            "partition_ids": [
              "0",
              "1"
            ],
            "resource_group_name": "eventhub-lab",
            "status": "Active",
            "timeouts": null
          },
          "sensitive_attributes": [],
          "private": "eyJlMmJmYjczMC1lY2FhLTExZTYtOGY4OC0zNDM2M2JjN2M0YzAiOnsiY3JlYXRlIjoxODAwMDAwMDAwMDAwLCJkZWxldGUiOjE4MDAwMDAwMDAwMDAsInJlYWQiOjMwMDAwMDAwMDAwMCwidXBkYXRlIjoxODAwMDAwMDAwMDAwfX0=",
          "dependencies": [
            "azurerm_eventhub_namespace.eventhub_namespace",
            "azurerm_resource_group.eventhub_resource_group"
          ]
        }
      ]
    },
    {
      "mode": "managed",
      "type": "azurerm_eventhub_namespace",
      "name": "eventhub_namespace",
      "provider": "provider[\"registry.terraform.io/hashicorp/azurerm\"]",
      "instances": [
        {
          "schema_version": 0,
          "attributes": {
            "auto_inflate_enabled": false,
            "capacity": 2,
            "dedicated_cluster_id": "",
            "default_primary_connection_string": "Endpoint=sb://evthubnamespace2344.servicebus.windows.net/;SharedAccessKeyName=RootManageSharedAccessKey;SharedAccessKey=F8c8mImap+zFUE76QUqI+L3X9igvHYEq9+AEhBokbJ0=",
            "default_primary_connection_string_alias": "",
            "default_primary_key": "F8c8mImap+zFUE76QUqI+L3X9igvHYEq9+AEhBokbJ0=",
            "default_secondary_connection_string": "Endpoint=sb://evthubnamespace2344.servicebus.windows.net/;SharedAccessKeyName=RootManageSharedAccessKey;SharedAccessKey=CyAP+T/2KoQxVSwbODMO18YsVCYO07ii7+AEhOdBCNM=",
            "default_secondary_connection_string_alias": "",
            "default_secondary_key": "CyAP+T/2KoQxVSwbODMO18YsVCYO07ii7+AEhOdBCNM=",
            "id": "/subscriptions/d346dce2-8e13-402b-82ff-8aff3ec09c07/resourceGroups/eventhub-lab/providers/Microsoft.EventHub/namespaces/evthubnamespace2344",
            "identity": [],
            "local_authentication_enabled": true,
            "location": "northeurope",
            "maximum_throughput_units": 0,
            "minimum_tls_version": "1.2",
            "name": "evthubnamespace2344",
            "network_rulesets": [
              {
                "default_action": "Allow",
                "ip_rule": [],
                "public_network_access_enabled": true,
                "trusted_service_access_enabled": false,
                "virtual_network_rule": []
              }
            ],
            "public_network_access_enabled": true,
            "resource_group_name": "eventhub-lab",
            "sku": "Standard",
            "tags": {},
            "timeouts": null,
            "zone_redundant": false
          },
          "sensitive_attributes": [],
          "private": "eyJlMmJmYjczMC1lY2FhLTExZTYtOGY4OC0zNDM2M2JjN2M0YzAiOnsiY3JlYXRlIjoxODAwMDAwMDAwMDAwLCJkZWxldGUiOjE4MDAwMDAwMDAwMDAsInJlYWQiOjMwMDAwMDAwMDAwMCwidXBkYXRlIjoxODAwMDAwMDAwMDAwfX0=",
          "dependencies": [
            "azurerm_resource_group.eventhub_resource_group"
          ]
        }
      ]
    },
    {
      "mode": "managed",
      "type": "azurerm_federated_identity_credential",
      "name": "aks_federated_identity",
      "provider": "provider[\"registry.terraform.io/hashicorp/azurerm\"]",
      "instances": [
        {
          "index_key": "bookstore-frontend",
          "schema_version": 0,
          "attributes": {
            "audience": [
              "api://AzureADTokenExchange"
            ],
            "id": "/subscriptions/d346dce2-8e13-402b-82ff-8aff3ec09c07/resourceGroups/eventhub-lab/providers/Microsoft.ManagedIdentity/userAssignedIdentities/eventhub-lab-workload-identity/federatedIdentityCredentials/eventhub-lab-federated-identity-bookstore-frontend",
            "issuer": "https://northeurope.oic.prod-aks.azure.com/16b3c013-d300-468d-ac64-7eda0820b6d3/cd6be05f-9fbe-42fc-9929-85b37496511e/",
            "name": "eventhub-lab-federated-identity-bookstore-frontend",
            "parent_id": "/subscriptions/d346dce2-8e13-402b-82ff-8aff3ec09c07/resourceGroups/eventhub-lab/providers/Microsoft.ManagedIdentity/userAssignedIdentities/eventhub-lab-workload-identity",
            "resource_group_name": "eventhub-lab",
            "subject": "system:serviceaccount:bookstore-frontend:workload-identity-sa",
            "timeouts": null
          },
          "sensitive_attributes": [],
          "private": "eyJlMmJmYjczMC1lY2FhLTExZTYtOGY4OC0zNDM2M2JjN2M0YzAiOnsiY3JlYXRlIjoxODAwMDAwMDAwMDAwLCJkZWxldGUiOjE4MDAwMDAwMDAwMDAsInJlYWQiOjMwMDAwMDAwMDAwMCwidXBkYXRlIjoxODAwMDAwMDAwMDAwfX0=",
          "dependencies": [
            "azurerm_kubernetes_cluster.aks",
            "azurerm_resource_group.eventhub_resource_group",
            "azurerm_user_assigned_identity.workload_identity"
          ]
        },
        {
          "index_key": "controller",
          "schema_version": 0,
          "attributes": {
            "audience": [
              "api://AzureADTokenExchange"
            ],
            "id": "/subscriptions/d346dce2-8e13-402b-82ff-8aff3ec09c07/resourceGroups/eventhub-lab/providers/Microsoft.ManagedIdentity/userAssignedIdentities/eventhub-lab-workload-identity/federatedIdentityCredentials/eventhub-lab-federated-identity-controller",
            "issuer": "https://northeurope.oic.prod-aks.azure.com/16b3c013-d300-468d-ac64-7eda0820b6d3/cd6be05f-9fbe-42fc-9929-85b37496511e/",
            "name": "eventhub-lab-federated-identity-controller",
            "parent_id": "/subscriptions/d346dce2-8e13-402b-82ff-8aff3ec09c07/resourceGroups/eventhub-lab/providers/Microsoft.ManagedIdentity/userAssignedIdentities/eventhub-lab-workload-identity",
            "resource_group_name": "eventhub-lab",
            "subject": "system:serviceaccount:controller:workload-identity-sa",
            "timeouts": null
          },
          "sensitive_attributes": [],
          "private": "eyJlMmJmYjczMC1lY2FhLTExZTYtOGY4OC0zNDM2M2JjN2M0YzAiOnsiY3JlYXRlIjoxODAwMDAwMDAwMDAwLCJkZWxldGUiOjE4MDAwMDAwMDAwMDAsInJlYWQiOjMwMDAwMDAwMDAwMCwidXBkYXRlIjoxODAwMDAwMDAwMDAwfX0=",
          "dependencies": [
            "azurerm_kubernetes_cluster.aks",
            "azurerm_resource_group.eventhub_resource_group",
            "azurerm_user_assigned_identity.workload_identity"
          ]
        },
        {
          "index_key": "default",
          "schema_version": 0,
          "attributes": {
            "audience": [
              "api://AzureADTokenExchange"
            ],
            "id": "/subscriptions/d346dce2-8e13-402b-82ff-8aff3ec09c07/resourceGroups/eventhub-lab/providers/Microsoft.ManagedIdentity/userAssignedIdentities/eventhub-lab-workload-identity/federatedIdentityCredentials/eventhub-lab-federated-identity-default",
            "issuer": "https://northeurope.oic.prod-aks.azure.com/16b3c013-d300-468d-ac64-7eda0820b6d3/cd6be05f-9fbe-42fc-9929-85b37496511e/",
            "name": "eventhub-lab-federated-identity-default",
            "parent_id": "/subscriptions/d346dce2-8e13-402b-82ff-8aff3ec09c07/resourceGroups/eventhub-lab/providers/Microsoft.ManagedIdentity/userAssignedIdentities/eventhub-lab-workload-identity",
            "resource_group_name": "eventhub-lab",
            "subject": "system:serviceaccount:default:workload-identity-sa",
            "timeouts": null
          },
          "sensitive_attributes": [],
          "private": "eyJlMmJmYjczMC1lY2FhLTExZTYtOGY4OC0zNDM2M2JjN2M0YzAiOnsiY3JlYXRlIjoxODAwMDAwMDAwMDAwLCJkZWxldGUiOjE4MDAwMDAwMDAwMDAsInJlYWQiOjMwMDAwMDAwMDAwMCwidXBkYXRlIjoxODAwMDAwMDAwMDAwfX0=",
          "dependencies": [
            "azurerm_kubernetes_cluster.aks",
            "azurerm_resource_group.eventhub_resource_group",
            "azurerm_user_assigned_identity.workload_identity"
          ]
        }
      ]
    },
    {
      "mode": "managed",
      "type": "azurerm_key_vault",
      "name": "keyvault",
      "provider": "provider[\"registry.terraform.io/hashicorp/azurerm\"]",
      "instances": [
        {
          "schema_version": 2,
          "attributes": {
            "access_policy": [
              {
                "application_id": "",
                "certificate_permissions": [
                  "Get",
                  "List",
                  "Update",
                  "Create",
                  "Import",
                  "Delete",
                  "Recover",
                  "Backup",
                  "Restore",
                  "Purge"
                ],
                "key_permissions": [
                  "Get",
                  "List",
                  "Update",
                  "Create",
                  "Import",
                  "Delete",
                  "Recover",
                  "Backup",
                  "Restore",
                  "Purge"
                ],
                "object_id": "a23cb4ff-6f0a-4a44-ba38-0e3cccd0091a",
                "secret_permissions": [
                  "Get",
                  "List",
                  "Set",
                  "Delete",
                  "Recover",
                  "Backup",
                  "Restore",
                  "Purge"
                ],
                "storage_permissions": [],
                "tenant_id": "16b3c013-d300-468d-ac64-7eda0820b6d3"
              }
            ],
            "contact": [],
            "enable_rbac_authorization": false,
            "enabled_for_deployment": false,
            "enabled_for_disk_encryption": false,
            "enabled_for_template_deployment": false,
            "id": "/subscriptions/d346dce2-8e13-402b-82ff-8aff3ec09c07/resourceGroups/eventhub-lab/providers/Microsoft.KeyVault/vaults/eventhub-lab-kv",
            "location": "northeurope",
            "name": "eventhub-lab-kv",
            "network_acls": [
              {
                "bypass": "AzureServices",
                "default_action": "Allow",
                "ip_rules": [],
                "virtual_network_subnet_ids": []
              }
            ],
            "public_network_access_enabled": true,
            "purge_protection_enabled": false,
            "resource_group_name": "eventhub-lab",
            "sku_name": "standard",
            "soft_delete_retention_days": 90,
            "tags": {},
            "tenant_id": "16b3c013-d300-468d-ac64-7eda0820b6d3",
            "timeouts": null,
            "vault_uri": "https://eventhub-lab-kv.vault.azure.net/"
          },
          "sensitive_attributes": [],
          "private": "eyJlMmJmYjczMC1lY2FhLTExZTYtOGY4OC0zNDM2M2JjN2M0YzAiOnsiY3JlYXRlIjoxODAwMDAwMDAwMDAwLCJkZWxldGUiOjE4MDAwMDAwMDAwMDAsInJlYWQiOjMwMDAwMDAwMDAwMCwidXBkYXRlIjoxODAwMDAwMDAwMDAwfSwic2NoZW1hX3ZlcnNpb24iOiIyIn0=",
          "dependencies": [
            "azurerm_resource_group.eventhub_resource_group",
            "data.azurerm_client_config.current"
          ]
        }
      ]
    },
    {
      "mode": "managed",
      "type": "azurerm_key_vault_access_policy",
      "name": "workload_identity",
      "provider": "provider[\"registry.terraform.io/hashicorp/azurerm\"]",
      "instances": [
        {
          "schema_version": 0,
          "attributes": {
            "application_id": "",
            "certificate_permissions": [],
            "id": "/subscriptions/d346dce2-8e13-402b-82ff-8aff3ec09c07/resourceGroups/eventhub-lab/providers/Microsoft.KeyVault/vaults/eventhub-lab-kv/objectId/8830883b-1abd-4d92-895d-880b8fa23f18",
            "key_permissions": [],
            "key_vault_id": "/subscriptions/d346dce2-8e13-402b-82ff-8aff3ec09c07/resourceGroups/eventhub-lab/providers/Microsoft.KeyVault/vaults/eventhub-lab-kv",
            "object_id": "8830883b-1abd-4d92-895d-880b8fa23f18",
            "secret_permissions": [
              "Get",
              "List"
            ],
            "storage_permissions": [],
            "tenant_id": "16b3c013-d300-468d-ac64-7eda0820b6d3",
            "timeouts": null
          },
          "sensitive_attributes": [],
          "private": "eyJlMmJmYjczMC1lY2FhLTExZTYtOGY4OC0zNDM2M2JjN2M0YzAiOnsiY3JlYXRlIjoxODAwMDAwMDAwMDAwLCJkZWxldGUiOjE4MDAwMDAwMDAwMDAsInJlYWQiOjMwMDAwMDAwMDAwMCwidXBkYXRlIjoxODAwMDAwMDAwMDAwfX0=",
          "dependencies": [
            "azurerm_key_vault.keyvault",
            "azurerm_resource_group.eventhub_resource_group",
            "azurerm_user_assigned_identity.workload_identity",
            "data.azurerm_client_config.current"
          ]
        }
      ]
    },
    {
      "mode": "managed",
      "type": "azurerm_key_vault_secret",
      "name": "eventhub_connection_string",
      "provider": "provider[\"registry.terraform.io/hashicorp/azurerm\"]",
      "instances": [
        {
          "schema_version": 0,
          "attributes": {
            "content_type": "",
            "expiration_date": null,
            "id": "https://eventhub-lab-kv.vault.azure.net/secrets/eventhub-connection-string/8424bb94037441f08b8fe7e9052870a1",
            "key_vault_id": "/subscriptions/d346dce2-8e13-402b-82ff-8aff3ec09c07/resourceGroups/eventhub-lab/providers/Microsoft.KeyVault/vaults/eventhub-lab-kv",
            "name": "eventhub-connection-string",
            "not_before_date": null,
            "resource_id": "/subscriptions/d346dce2-8e13-402b-82ff-8aff3ec09c07/resourceGroups/eventhub-lab/providers/Microsoft.KeyVault/vaults/eventhub-lab-kv/secrets/eventhub-connection-string/versions/8424bb94037441f08b8fe7e9052870a1",
            "resource_versionless_id": "/subscriptions/d346dce2-8e13-402b-82ff-8aff3ec09c07/resourceGroups/eventhub-lab/providers/Microsoft.KeyVault/vaults/eventhub-lab-kv/secrets/eventhub-connection-string",
            "tags": {},
            "timeouts": null,
            "value": "Endpoint=sb://evthubnamespace2344.servicebus.windows.net/;SharedAccessKeyName=RootManageSharedAccessKey;SharedAccessKey=F8c8mImap+zFUE76QUqI+L3X9igvHYEq9+AEhBokbJ0=",
            "version": "8424bb94037441f08b8fe7e9052870a1",
            "versionless_id": "https://eventhub-lab-kv.vault.azure.net/secrets/eventhub-connection-string"
          },
          "sensitive_attributes": [
            [
              {
                "type": "get_attr",
                "value": "value"
              }
            ]
          ],
          "private": "eyJlMmJmYjczMC1lY2FhLTExZTYtOGY4OC0zNDM2M2JjN2M0YzAiOnsiY3JlYXRlIjoxODAwMDAwMDAwMDAwLCJkZWxldGUiOjE4MDAwMDAwMDAwMDAsInJlYWQiOjE4MDAwMDAwMDAwMDAsInVwZGF0ZSI6MTgwMDAwMDAwMDAwMH19",
          "dependencies": [
            "azurerm_eventhub_namespace.eventhub_namespace",
            "azurerm_key_vault.keyvault",
            "azurerm_resource_group.eventhub_resource_group",
            "data.azurerm_client_config.current"
          ]
        }
      ]
    },
    {
      "mode": "managed",
      "type": "azurerm_key_vault_secret",
      "name": "postgresql_admin_password",
      "provider": "provider[\"registry.terraform.io/hashicorp/azurerm\"]",
      "instances": [
        {
          "schema_version": 0,
          "attributes": {
            "content_type": "",
            "expiration_date": null,
            "id": "https://eventhub-lab-kv.vault.azure.net/secrets/postgresql-admin-password/f0df13a46b0247f98865b97717d4b5a2",
            "key_vault_id": "/subscriptions/d346dce2-8e13-402b-82ff-8aff3ec09c07/resourceGroups/eventhub-lab/providers/Microsoft.KeyVault/vaults/eventhub-lab-kv",
            "name": "postgresql-admin-password",
            "not_before_date": null,
            "resource_id": "/subscriptions/d346dce2-8e13-402b-82ff-8aff3ec09c07/resourceGroups/eventhub-lab/providers/Microsoft.KeyVault/vaults/eventhub-lab-kv/secrets/postgresql-admin-password/versions/f0df13a46b0247f98865b97717d4b5a2",
            "resource_versionless_id": "/subscriptions/d346dce2-8e13-402b-82ff-8aff3ec09c07/resourceGroups/eventhub-lab/providers/Microsoft.KeyVault/vaults/eventhub-lab-kv/secrets/postgresql-admin-password",
            "tags": {},
            "timeouts": null,
            "value": "S-S4cZL1sr8G[eRq",
            "version": "f0df13a46b0247f98865b97717d4b5a2",
            "versionless_id": "https://eventhub-lab-kv.vault.azure.net/secrets/postgresql-admin-password"
          },
          "sensitive_attributes": [
            [
              {
                "type": "get_attr",
                "value": "value"
              }
            ]
          ],
          "private": "eyJlMmJmYjczMC1lY2FhLTExZTYtOGY4OC0zNDM2M2JjN2M0YzAiOnsiY3JlYXRlIjoxODAwMDAwMDAwMDAwLCJkZWxldGUiOjE4MDAwMDAwMDAwMDAsInJlYWQiOjE4MDAwMDAwMDAwMDAsInVwZGF0ZSI6MTgwMDAwMDAwMDAwMH19",
          "dependencies": [
            "azurerm_key_vault.keyvault",
            "azurerm_resource_group.eventhub_resource_group",
            "data.azurerm_client_config.current",
            "random_password.postgresql_admin_password"
          ]
        }
      ]
    },
    {
      "mode": "managed",
      "type": "azurerm_key_vault_secret",
      "name": "postgresql_admin_username",
      "provider": "provider[\"registry.terraform.io/hashicorp/azurerm\"]",
      "instances": [
        {
          "schema_version": 0,
          "attributes": {
            "content_type": "",
            "expiration_date": null,
            "id": "https://eventhub-lab-kv.vault.azure.net/secrets/postgresql-admin-username/f0ae3e5f1bbb46b3a1243651097bb17b",
            "key_vault_id": "/subscriptions/d346dce2-8e13-402b-82ff-8aff3ec09c07/resourceGroups/eventhub-lab/providers/Microsoft.KeyVault/vaults/eventhub-lab-kv",
            "name": "postgresql-admin-username",
            "not_before_date": null,
            "resource_id": "/subscriptions/d346dce2-8e13-402b-82ff-8aff3ec09c07/resourceGroups/eventhub-lab/providers/Microsoft.KeyVault/vaults/eventhub-lab-kv/secrets/postgresql-admin-username/versions/f0ae3e5f1bbb46b3a1243651097bb17b",
            "resource_versionless_id": "/subscriptions/d346dce2-8e13-402b-82ff-8aff3ec09c07/resourceGroups/eventhub-lab/providers/Microsoft.KeyVault/vaults/eventhub-lab-kv/secrets/postgresql-admin-username",
            "tags": {},
            "timeouts": null,
            "value": "psqladminun",
            "version": "f0ae3e5f1bbb46b3a1243651097bb17b",
            "versionless_id": "https://eventhub-lab-kv.vault.azure.net/secrets/postgresql-admin-username"
          },
          "sensitive_attributes": [],
          "private": "eyJlMmJmYjczMC1lY2FhLTExZTYtOGY4OC0zNDM2M2JjN2M0YzAiOnsiY3JlYXRlIjoxODAwMDAwMDAwMDAwLCJkZWxldGUiOjE4MDAwMDAwMDAwMDAsInJlYWQiOjE4MDAwMDAwMDAwMDAsInVwZGF0ZSI6MTgwMDAwMDAwMDAwMH19",
          "dependencies": [
            "azurerm_key_vault.keyvault",
            "azurerm_resource_group.eventhub_resource_group",
            "data.azurerm_client_config.current"
          ]
        }
      ]
    },
    {
      "mode": "managed",
      "type": "azurerm_key_vault_secret",
      "name": "postgresql_connection_string",
      "provider": "provider[\"registry.terraform.io/hashicorp/azurerm\"]",
      "instances": [
        {
          "schema_version": 0,
          "attributes": {
            "content_type": "",
            "expiration_date": null,
            "id": "https://eventhub-lab-kv.vault.azure.net/secrets/postgresql-connection-string/4f600be75bcd4485bb4a4ee4c50a05fb",
            "key_vault_id": "/subscriptions/d346dce2-8e13-402b-82ff-8aff3ec09c07/resourceGroups/eventhub-lab/providers/Microsoft.KeyVault/vaults/eventhub-lab-kv",
            "name": "postgresql-connection-string",
            "not_before_date": null,
            "resource_id": "/subscriptions/d346dce2-8e13-402b-82ff-8aff3ec09c07/resourceGroups/eventhub-lab/providers/Microsoft.KeyVault/vaults/eventhub-lab-kv/secrets/postgresql-connection-string/versions/4f600be75bcd4485bb4a4ee4c50a05fb",
            "resource_versionless_id": "/subscriptions/d346dce2-8e13-402b-82ff-8aff3ec09c07/resourceGroups/eventhub-lab/providers/Microsoft.KeyVault/vaults/eventhub-lab-kv/secrets/postgresql-connection-string",
            "tags": {},
            "timeouts": null,
            "value": "Host=eventhub-lab-postgresql.postgres.database.azure.com;Database=booksdb;Username=psqladminun@eventhub-lab-postgresql;Password=S-S4cZL1sr8G[eRq;Port=5432;",
            "version": "4f600be75bcd4485bb4a4ee4c50a05fb",
            "versionless_id": "https://eventhub-lab-kv.vault.azure.net/secrets/postgresql-connection-string"
          },
          "sensitive_attributes": [
            [
              {
                "type": "get_attr",
                "value": "value"
              }
            ]
          ],
          "private": "eyJlMmJmYjczMC1lY2FhLTExZTYtOGY4OC0zNDM2M2JjN2M0YzAiOnsiY3JlYXRlIjoxODAwMDAwMDAwMDAwLCJkZWxldGUiOjE4MDAwMDAwMDAwMDAsInJlYWQiOjE4MDAwMDAwMDAwMDAsInVwZGF0ZSI6MTgwMDAwMDAwMDAwMH19",
          "dependencies": [
            "azurerm_key_vault.keyvault",
            "azurerm_postgresql_server.booksdb",
            "azurerm_resource_group.eventhub_resource_group",
            "data.azurerm_client_config.current",
            "random_password.postgresql_admin_password"
          ]
        }
      ]
    },
    {
      "mode": "managed",
      "type": "azurerm_kubernetes_cluster",
      "name": "aks",
      "provider": "provider[\"registry.terraform.io/hashicorp/azurerm\"]",
      "instances": [
        {
          "schema_version": 2,
          "attributes": {
            "aci_connector_linux": [],
            "api_server_access_profile": [],
            "api_server_authorized_ip_ranges": [],
            "auto_scaler_profile": [],
            "automatic_channel_upgrade": "",
            "azure_active_directory_role_based_access_control": [],
            "azure_policy_enabled": false,
            "confidential_computing": [],
            "cost_analysis_enabled": false,
            "current_kubernetes_version": "1.28.10",
            "custom_ca_trust_certificates_base64": [],
            "default_node_pool": [
              {
                "capacity_reservation_group_id": "",
                "custom_ca_trust_enabled": false,
                "enable_auto_scaling": false,
                "enable_host_encryption": false,
                "enable_node_public_ip": false,
                "fips_enabled": false,
                "gpu_instance": "",
                "host_group_id": "",
                "kubelet_config": [],
                "kubelet_disk_type": "OS",
                "linux_os_config": [],
                "max_count": 0,
                "max_pods": 30,
                "message_of_the_day": "",
                "min_count": 0,
                "name": "system",
                "node_count": 1,
                "node_labels": {},
                "node_network_profile": [],
                "node_public_ip_prefix_id": "",
                "node_taints": [],
                "only_critical_addons_enabled": false,
                "orchestrator_version": "1.28",
                "os_disk_size_gb": 128,
                "os_disk_type": "Managed",
                "os_sku": "Ubuntu",
                "pod_subnet_id": "",
                "proximity_placement_group_id": "",
                "scale_down_mode": "Delete",
                "snapshot_id": "",
                "tags": {},
                "temporary_name_for_rotation": "",
                "type": "VirtualMachineScaleSets",
                "ultra_ssd_enabled": false,
                "upgrade_settings": [
                  {
                    "drain_timeout_in_minutes": 0,
                    "max_surge": "10%",
                    "node_soak_duration_in_minutes": 0
                  }
                ],
                "vm_size": "Standard_D2_v2",
                "vnet_subnet_id": "",
                "workload_runtime": "",
                "zones": []
              }
            ],
            "disk_encryption_set_id": "",
            "dns_prefix": "eventhub-lab-aks",
            "dns_prefix_private_cluster": "",
            "edge_zone": "",
            "enable_pod_security_policy": false,
            "fqdn": "eventhub-lab-aks-1pdmahfq.hcp.northeurope.azmk8s.io",
            "http_application_routing_enabled": false,
            "http_application_routing_zone_name": "",
            "http_proxy_config": [],
            "id": "/subscriptions/d346dce2-8e13-402b-82ff-8aff3ec09c07/resourceGroups/eventhub-lab/providers/Microsoft.ContainerService/managedClusters/eventhub-lab-aks",
            "identity": [
              {
                "identity_ids": [],
                "principal_id": "687fc7d7-73ac-459e-8fe6-af03fccd78e2",
                "tenant_id": "16b3c013-d300-468d-ac64-7eda0820b6d3",
                "type": "SystemAssigned"
              }
            ],
            "image_cleaner_enabled": false,
            "image_cleaner_interval_hours": 48,
            "ingress_application_gateway": [],
            "key_management_service": [],
            "key_vault_secrets_provider": [],
            "kube_admin_config": [],
            "kube_admin_config_raw": "",
            "kube_config": [
              {
                "client_certificate": "LS0tLS1CRUdJTiBDRVJUSUZJQ0FURS0tLS0tCk1JSUZIakNDQXdhZ0F3SUJBZ0lSQUoybC9qNzE1Z1RLRkEwZ1BNSGF5R3N3RFFZSktvWklodmNOQVFFTEJRQXcKRFRFTE1Ba0dBMVVFQXhNQ1kyRXdIaGNOTWpRd056TXhNVEF6TlRVeVdoY05Nall3TnpNeE1UQTBOVFV5V2pBdwpNUmN3RlFZRFZRUUtFdzV6ZVhOMFpXMDZiV0Z6ZEdWeWN6RVZNQk1HQTFVRUF4TU1iV0Z6ZEdWeVkyeHBaVzUwCk1JSUNJakFOQmdrcWhraUc5dzBCQVFFRkFBT0NBZzhBTUlJQ0NnS0NBZ0VBdEhCN1ErTHdHZ215TEIybDF2Y0QKVSsxbndERVpHWmJnNTdGZGdhUlJ1V0x0UUZUbWk4emVJd2Z6bDdSM1lCcXVLcGhkNkNTOEZ0Q0hOaWZhZ21jMQpBelc3YkVsMExCL0lsdTdvWFEzUlFOVVJkenhzQ1JJZDdHaHRpSVhaRzFTenhUMWFoWTJjZEUwMXEwMWJSZ2dHClZFMVgwY3d1TXlFQjRtMVFlZU1QWElMbVF1VWFndCt5OWtNb0NVUlorOVBPa3I2MmpjdEhFSm51djBDaXhaUFcKTnVzaEw1Zi8vbDNQQnlTMVRhbVg1MkRtQS9CYXF1ODEzaElrVDkzT28zVzNRUnFZcjJJZmhYK09qWDZyaTF6VQp4YVl2SmdnSXlJaWVnQ1F4dUNzU1l5T21qWEtyd3FYRzZhUVkvcFo4eCtqOVh3czhoSGl6eGtjbmw0RUlLWDV0CmVaZ2FXTW1uUE1wTk5iNE9wV3Rxc1U2b0t6R3hEUGZIMGtMcytERDMwQTdOSDlqWlFwWkVvZXFMc3RGMkEyQkoKVDhITGw4eDR4blFLNkZ6aXRpRnZ4YnpOVEtpWWpseWs2bU54K2tuWXlFRjdLR0FTZGRiQk1QRk9HdnpsM2trVQp3VGltSHRJeWVkcTI2aGg2VjRtMU51VDJpMWFuSFM1dUNLZmVBTEF1R2c2MXh6MUQwUXhQZTgvMmpvUDc1WnFzCjMyUkRvUWRENVg1VFRYS3AwYjVtTzN5bzYwTUVLdU5veTlqU2VkSFBnNEc4VlhZR1l3NWQ4TGF4VXZkd29LMmIKd2dGL2Mvb0wvL2R0clpoM2NWSWJLc2NmYkFCZzJzbjFLVW5pR3Z2US8wZzUzYjBYV0JkQUFlTncxZXI1LytlMwp6YVJQL2NPMkt6OFFpTjEwSTFtUFZzY0NBd0VBQWFOV01GUXdEZ1lEVlIwUEFRSC9CQVFEQWdXZ01CTUdBMVVkCkpRUU1NQW9HQ0NzR0FRVUZCd01DTUF3R0ExVWRFd0VCL3dRQ01BQXdId1lEVlIwakJCZ3dGb0FVMythbjluQ3kKV1ZiWG5kcEVDYk54OTRBaU9ab3dEUVlKS29aSWh2Y05BUUVMQlFBRGdnSUJBQk9rQk5hY2o2bnBmMm1jNmN1Ugo5WitxZnUyNDhqVDl5SVphcEdUTitDMG1ORWJEbTNUczdBalA4NUM4a0RQMS9IcVBlRks5TSswdTlNTG9saXN3ClE5eGc4b3AxZVBnYlBWMUNDQXJJRGV5c0FBVHVlUmFkY21EbGN1aktYRDRTYXppdG4zN1hoQ01XTlRuYXI4VEIKWk9PWUE4T1Q0TGhhbVA4WExvSjVSSUUxL0s3QWpKMVN6ai8rK2R2TlY5V2RFOHFrOTcrR0dmNVJ0dEI0cDU4MQpiOEdSUVVPMkJ0Rm8xNmkveUFqQndGWm5ZNkRWMytzT3RKamY5Um1raWRwQ3pzOHRlNlBWM2VDbTA0L3poRkx3CklmYVlKMi9vT0F0YzFJbVptTElsVlpmTzBuVGVoMTcwNi9TWlI0cHo2STkzY1lMN2hPUkhwZlV0NzZnd2tlK0sKWVZkTVhEYlhyQllPUDczSDdwdFpNWEV4SlJIUkJHdXZOSXV5RXArcXNoL1dvMnFFOHVBV2VuTVdJbEJSZ2RDTQoxckJjUUkyQ2dOL3Z0NjBHVk9FSkhIeDVwbS8zdkMzRnBGYXJmTzg2VlVBeThSZzg2aU52REVHRzZzUlZqK1N4CitUTmhpRmttY0dSMnpid2FBeDYxdk1qTkE4V09CdW1pOUt5L3NTYmgyZnZ4MDdMS2RqSTV4VCtuMk5YV2pYa3AKUHRQMThBSENMSGlSVkZpbXZBaHlHdjZwYXFJT1dOSTh6bTRibXVDdVJSV3NyYWIrSi9ncDVqRFJ0L0RPZHp6aQpMQitXdW9FTmRkamRIM3FJczE0ZjhLejJpWGJrZ1hYOG1IemROT0l3NmREeWNSaVROVXE0clJmcmNSWmNkRVI2CmlXRnFmVHVqUUp3T3VVZEpXWDJUbmtZTQotLS0tLUVORCBDRVJUSUZJQ0FURS0tLS0tCg==",
                "client_key": "LS0tLS1CRUdJTiBSU0EgUFJJVkFURSBLRVktLS0tLQpNSUlKS1FJQkFBS0NBZ0VBdEhCN1ErTHdHZ215TEIybDF2Y0RVKzFud0RFWkdaYmc1N0ZkZ2FSUnVXTHRRRlRtCmk4emVJd2Z6bDdSM1lCcXVLcGhkNkNTOEZ0Q0hOaWZhZ21jMUF6VzdiRWwwTEIvSWx1N29YUTNSUU5VUmR6eHMKQ1JJZDdHaHRpSVhaRzFTenhUMWFoWTJjZEUwMXEwMWJSZ2dHVkUxWDBjd3VNeUVCNG0xUWVlTVBYSUxtUXVVYQpndCt5OWtNb0NVUlorOVBPa3I2MmpjdEhFSm51djBDaXhaUFdOdXNoTDVmLy9sM1BCeVMxVGFtWDUyRG1BL0JhCnF1ODEzaElrVDkzT28zVzNRUnFZcjJJZmhYK09qWDZyaTF6VXhhWXZKZ2dJeUlpZWdDUXh1Q3NTWXlPbWpYS3IKd3FYRzZhUVkvcFo4eCtqOVh3czhoSGl6eGtjbmw0RUlLWDV0ZVpnYVdNbW5QTXBOTmI0T3BXdHFzVTZvS3pHeApEUGZIMGtMcytERDMwQTdOSDlqWlFwWkVvZXFMc3RGMkEyQkpUOEhMbDh4NHhuUUs2RnppdGlGdnhiek5US2lZCmpseWs2bU54K2tuWXlFRjdLR0FTZGRiQk1QRk9HdnpsM2trVXdUaW1IdEl5ZWRxMjZoaDZWNG0xTnVUMmkxYW4KSFM1dUNLZmVBTEF1R2c2MXh6MUQwUXhQZTgvMmpvUDc1WnFzMzJSRG9RZEQ1WDVUVFhLcDBiNW1PM3lvNjBNRQpLdU5veTlqU2VkSFBnNEc4VlhZR1l3NWQ4TGF4VXZkd29LMmJ3Z0YvYy9vTC8vZHRyWmgzY1ZJYktzY2ZiQUJnCjJzbjFLVW5pR3Z2US8wZzUzYjBYV0JkQUFlTncxZXI1LytlM3phUlAvY08yS3o4UWlOMTBJMW1QVnNjQ0F3RUEKQVFLQ0FnQjlvaC9CYWI1aGNzVFN3S1hhb2N4NFlFRXY2VCtmdUpUSjNZM01tVnVwcDc2blh6WFN1d2NqL3dKVgphM3IrdURUeVJYcUZDeWJHLzlSVkdiU2p2VGFGRUtGNXlUOFJCZVJGYXZ6dzVaRUFBaHFTR2NqakcvRW56S0lQClA1cWwwL2tEYVMrZzg3T3VxcCttc1VyTzNRR0RLd0x0ZWF2bFA2TXZRNHVZQWtlTTB6dDk4a1RlUU9FN1pCRDUKT3RVb2FSWll5RjhWSlNkSzROTUI2UUFzYnoza3FSeEhKaDlBdlpKTFYvekFvVWU1KzViTHdVdHYzdlJ6dGRBQQpwK0Nib1hmQjVjSFB3NU5OQVQ2Qk9HUTZ1WjBRTFNDQTYzRXFKeTJzN1FhTlE3Z2V2UkRYUmJOZjZNc3huR2NtCnhDTUhraXJ3UlVPU3ZQUDNKMDNpeUIybHZuaDcxNFRIN1VZQlpaVGZhQ0x2WjIyS3I0YWZsamtZTUE4TUo3Q3UKclpJS0VuSlkvZE81bFpLUXpyaDNNL0FHOU5OWGlnN3EvZ3JVenk4akRLMWpYNEpScENacDd4YXF5WHdSUDNhWQo0YUpxeFp6ZWVsWWZRL250Q1c4UmZtZHN0eFBsTEdVcTVtTXd6ek40aVJMdzQ3dElaU0JKMEljcFd2RHRPeEoyCjJXcXNvR3RFRU8wc1M3alpXOStGSEE5UVJ5VzAzSDVBRUQwZlJ0N2JpOG1uU1VlY1RHendhc1hNUlNHUXVPMzQKRW16MVhvUUl4dHZmeEllRDQxR1dTTGdBQnVMcTQ0MlFaUFYxaktJVWJ1WmJ3K1dnSUY1UHpLWWhLeHN1QmRYbAo2RlhnVXBadjc3anh4aXJTMER4ZG9ZSDlPanZ4UGdyYjl5YUY3VmRNNEhGL0h3V3FzUUtDQVFFQTdLUm5IalJRCnhYM3hOZUo5VnNlWnphQmhkUVdoUmpEUjR3YmNzd1V0L0dWeWIxWlNzSWVrVW93UXBUdzFyK2FWVWRVd3dTa0gKRjRKSUMvaU9TaGhCOXRyNVZxVDE3M1h6OWZTTEFBeHV4U2JCSlEzKzdDYVB0N1dmVlh0M2lRa1VZWTdjdEpxYQorbDVRZUI3ZlF3TWh2YTNpaC8reUpYTGc3UDFNZzNKYVNkd0d6RHNLdGsyeFp5RXJ3MHQwRjRBU3pJZHd3UTdTCjIweHo4TU9nY05oQnU2WkM0ejRaZDhOYXo0S1JRTTVObmRCenJhYmZvNlY3eXpZTTZLR3VhU1F1d1NjMzVHTUcKVnNXeW0rSFJOL2ZrcWEyU2w1RHZvaXNUZ1pSZmhJL2lVamtrQTA5TEwyb2RpZXQycG1UZGRoL2ZCaG9Xc1orQgpDc213VU9BVE5SUUcyUUtDQVFFQXd6TWVRUHZ2eGp0U0ZKOVpJOVJ4dlFxTm9VUDExVlRNdGlncjJaZWpKdVdTCjYzSWU5eXNacTlvREE1NGpJNXpBczZSRFV2bzdVeWRaYTdaVmI1OHZPWDBnb25NQkZaWVY2TWFFWXhPRFQwZ1oKZWpKR01sdVFzZndhcC8wRE9rY1dBMjB3T0xPS0E1SXpwQWVCNlNaYi96MW1aOXVuME0zcDFSb0VyUzB0SWxLMgpBdFRVRmxNV2doTVpLUURZNGoyREVkUnBEdU8xNGhGc0xXdGJPKzczckI5SUxXR3BZL3ZPWFlBMzAwNWY2SUN4CkFnOHhvOWtMVFlHYXJrS3Z5QWJ2TjVGWGFMaGZUL01aMU82KzRrcWMxUTIza3d2YjlMMXpQTWNqaitzSUpQa1QKYU9rb3ZpNlB4K2djM3lRQzg4bjNqTEJ6eG1NWHErNGxwdDhTKytZR253S0NBUUVBcVVPckVwcS9ENVJYSFlEawp3RmJETjZhNUx2Z1k5RmpsT0N0blg1R2I1QVk0UlZVTWpvSm5VamduaTlrMldaeG9RQUZxL3k4MmlHVkMzWFVyCmFlcFIvSjJDYmF4TzBicWdCdFNsUENLb2ROS1Vvc21SQng5SisxQ3BLSDdJOExjUzRmbEsrcy8vZkloTHJMQUEKYURGc1IvMkJwRitMOEdkc1pYZUU3QnkyWWxCRWVIN2UyYWxXOUhwd2tCOS9hWFBOZm9oK2FVa09INWhlOGQ4cgorcXRrMFRGS2RMcXRndEcwT2V1ZHRDb2NzSDR5MEFvbHV5c2FFaStXS2l2RDBpYjBYbXFMK3d1dHRCRnpBVGNUCjdLR2U2Sk5qNEkvbUtDd0JwdFVYUVgyZGw4eVJhdUNqMmNWZ1hZK1Q3YzhGN1lFOGlHUE95Ynhhay9uUjZQZHUKSmJBdWVRS0NBUUFrSzZTL2hlKzRXK1dwekoxSDltWGRFY2VNeW5zVFBOTnlMWjl5Z3BiSTdtRjdIM3A5Y284ZgpPUmExNU9lK0FaM3pxOHlONDdCNmlDQVp4WCt2WDEvdzF5N2s2MHFZSldlSjZyODlYTEJJVUtQbjhNanhLK1owCkZMTWJ6ZFo3UmhEZU1hMXQxRmNPc2xpL1hHVEdQMFZzMW9QVFd2Q04wSm96MHM1ckNLUUVhQzh4OXg0VnhPKzIKeXJNdTFlbGFndXQyc2xXRlhNeW5SM00wTjJDQWlwZDZYWkdTVnpaOFFIek05cVZoa25SVE1RV2J6QlQydDVGUQptMk4rUnYwcm81MVFQcTVqeVVaZ0dqdi9LUDVXRUYxZlhWdFc5Q3VkL2owTVZocFE0TXh4alhYN1Nya3lCSTdBCkRGTE5SbThGbmJjeGFzRUpVZk5nK0pBaGk5U0l1T2NoQW9JQkFRRE1xTC9USSsxMkc4RldIT0lYY1BQNEh3R2MKcEVZQ0s0MjlDeDQzY2F5bXZRN3NHVzFYbVFmNStPUmQ3YWtVMmc4SjlhUHE5OUdOdEVqZnU1Y1Zkb2o3ZnRPUQp3dllWbXkxUlZkQjYrY1lEKzVYOE5UODRGNWFSNTg2Nnd1Mkp3N05zem8wemw3STBtTXJ3NnV1UnI1b2xWbElGCjBwK05rdEo3WkRZU3hxdHY2aDQvL3l3V2UwMjhqc1dYNkZGYmNtNk0zNElOS2ltWTBOWUw0QmpWdjQyWlZzNnAKUzdkbUZickVsR1ZxTm4yNkRtSWNRU3RpeS9Zbm5VSWs5anBpanRVU3FOdm54OStZUTNmN1hPME9vKzUzK2xvdAp3OUlmczlCVXNXU3JSaU1RZVlNMXNtZW9naVlRQThZbzd0UjRxQ1BSKzh0YmxaSmxmS24zOVBQY0syOEEKLS0tLS1FTkQgUlNBIFBSSVZBVEUgS0VZLS0tLS0K",
                "cluster_ca_certificate": "LS0tLS1CRUdJTiBDRVJUSUZJQ0FURS0tLS0tCk1JSUU2VENDQXRHZ0F3SUJBZ0lSQU5QUVVYcmN0czVXRkxQaStEZ2JZR2N3RFFZSktvWklodmNOQVFFTEJRQXcKRFRFTE1Ba0dBMVVFQXhNQ1kyRXdJQmNOTWpRd056TXhNVEF6TlRVeVdoZ1BNakExTkRBM016RXhNRFExTlRKYQpNQTB4Q3pBSkJnTlZCQU1UQW1OaE1JSUNJakFOQmdrcWhraUc5dzBCQVFFRkFBT0NBZzhBTUlJQ0NnS0NBZ0VBCnJhYWxtN3Q3ZG9aUnBIQnVrdWgyYlAxSXdRa25UYlJ2Qlo3Y1JCK0Flb3Y1MmVPWm1IUzg5Qm9ZZ1hmaGtuMEMKdGx5dlpMVFlWWklqNjN5eEl0SkVTT29uSENVb1BVV1JFUGo5MjdPZGdLb1Nicmc1ZkNxR1g0ak16c2s3YTAwNgpGNjk1Q1ZpK1NwenJPSHp2Q3VWWW84TURFMWtQOG9yUlRtOHdqRWZ0eXQ0aXZEaGJPQU1uSWtSQ2ZFblBnZk9CCm1saTNLUjZ6YWc4ZGdFWGxLUXVrN1NOa01paEE3VnJFNmlSUEUxUFRManZtL1RZeUFCelFHWjdjRDRVTnBxVUwKRjBrYzhiV1lmNXA0RG43MkZIeUVYd1FBbzdsZC83d1pQL0VpcDhXVGdQeHFNcDR4RDBIQkZYNUFpVVZJcDJxKwplbHVUQ3BjYW0wM0RFdEt4TUhOQndMaHdVTlRKK1BMR2ZiUEFXYTRITU5LYmRha1BSazJ3UzFXNzJnUFF2eU54ClBCM3ZEdHNBYlVMOHNTNGJPdW5zblJvVCt3bXMwbmt5RzlSb3ZaM2Z0NnpVNzFyaVpFd3lLVkQ3aW9JUW9tRFkKUUJTU3pIQll0VmJ6VFV6aXBHYUlTNEU1c0d5SWVsTmJ4TjFOT1owd0piYkRldDNBNVlOZEdRM05pZFhiQ0pBbgpMVG50V01GTTV3cDBkcTIzM2ZNYm9iMGhsS0pjNkd0dmRWUGVLeUIvcDFRVDN0cjl0ZVhBcGR6clNLK2tTUGJuCjU3OTVpMmtubzdaOEJpdG1ZbFFwZVpITDBzdVBLMG5salRyYnZ1RUIrSHNSSGZXMGYwUG13MzQ0Q0xxSldCUzUKRzd4ak01WjVGVVVVb1dESFl5SzhJUk9vUnNMajVNR1VpY2hLT1RkWFRFMENBd0VBQWFOQ01FQXdEZ1lEVlIwUApBUUgvQkFRREFnS2tNQThHQTFVZEV3RUIvd1FGTUFNQkFmOHdIUVlEVlIwT0JCWUVGTi9tcC9ad3NsbFcxNTNhClJBbXpjZmVBSWptYU1BMEdDU3FHU0liM0RRRUJDd1VBQTRJQ0FRQ2dqbVdUYkhrOHA2MVV2SnlXblo0QWdkQ2QKR3VBaUl6MEc1RXlvbC9HSTRoTGRJd0ZuQWt6R0RBQzhUUWtRdVJiQXltajlpVUJoejMwd0xUK2hnNmJoWVM5RApRQ1E5ZW9Ha2pHWjFHTFpKN2JvNzdZcXhvZDFLaElEbGVGZjVrZEhtQ0lGVWwwb3hGMFduYWxLQy8xeHNKMDFVCkcwbk03YjBpTG54VytZZGJxR01lTnFtUytidTBFekVWa0RiSmZwM2ZJZVordDlEOElZS0diU3pHSmlwM2E2SFQKaG9Samc3Zmlhd2xOTnVhVFlVTVAwb3p1dVk0QU81cXYxMFZaZlV5L2V2ek8yNmRqTzVTbXRYa1BZTmw4WWtYcQpVYWliVldDamM3YmhqM0lGN2kweGUyMi9JR1R5clkvd1NYMk4rTHN0c2I4ZnpLSmo3Q05lOTFzTDFzRGptOU9kCjFiTU93dDFoUlZyMjM0VGxyMTRoV25ySDNWd0tXdnR5cTJNQXZ3MWgvUjVibmVDM096Q0J3WEVqclRCcXd6L28KQ2FPeHdrUU9NRlJ3WlRCR2IvSktTNmhiTjNXUVQ4OXNuYXdCUDc2d1Juc0NnTUIzTE1MSkJob1ZyNmttZXRJZgowellOMUVjb2FzaG5uMktjUGgwcUIyY2hnSFhEaXl2OEllekpNb244ZmZ1NklPWkVyb3BCMHFNWWpyV3N6VE4yCmtXaG0rcVQzbk01NkpZZWhLWUgreUtSL2dVcXJDTzhCb2Z4SFF4cGRlK3l4WGF3ejdDQm5mZHVnQUM2WnI4MzYKak1DWVc4eXVJcjk0NStnb1pNVEM5ajZuOG9tQlcrSVIwMHVvbW5Xdllta0hBUDBWZFkvRi9uei9wZm5yRWZHQQp6QU5lamFTNXpYQVRjcHM4Zmc9PQotLS0tLUVORCBDRVJUSUZJQ0FURS0tLS0tCg==",
                "host": "https://eventhub-lab-aks-1pdmahfq.hcp.northeurope.azmk8s.io:443",
                "password": "fjlxb74zuzbr67t0fgo5335v9pvyq5tmppzadwhpfhorvn9e0zdztpmq1kyn9eead1jd8yide19nrvy9cd2jbw9kkd2ve0tlssgjyszsvwiu953g3azrumtviobom87u",
                "username": "clusterUser_eventhub-lab_eventhub-lab-aks"
              }
            ],
            "kube_config_raw": "apiVersion: v1\nclusters:\n- cluster:\n    certificate-authority-data: LS0tLS1CRUdJTiBDRVJUSUZJQ0FURS0tLS0tCk1JSUU2VENDQXRHZ0F3SUJBZ0lSQU5QUVVYcmN0czVXRkxQaStEZ2JZR2N3RFFZSktvWklodmNOQVFFTEJRQXcKRFRFTE1Ba0dBMVVFQXhNQ1kyRXdJQmNOTWpRd056TXhNVEF6TlRVeVdoZ1BNakExTkRBM016RXhNRFExTlRKYQpNQTB4Q3pBSkJnTlZCQU1UQW1OaE1JSUNJakFOQmdrcWhraUc5dzBCQVFFRkFBT0NBZzhBTUlJQ0NnS0NBZ0VBCnJhYWxtN3Q3ZG9aUnBIQnVrdWgyYlAxSXdRa25UYlJ2Qlo3Y1JCK0Flb3Y1MmVPWm1IUzg5Qm9ZZ1hmaGtuMEMKdGx5dlpMVFlWWklqNjN5eEl0SkVTT29uSENVb1BVV1JFUGo5MjdPZGdLb1Nicmc1ZkNxR1g0ak16c2s3YTAwNgpGNjk1Q1ZpK1NwenJPSHp2Q3VWWW84TURFMWtQOG9yUlRtOHdqRWZ0eXQ0aXZEaGJPQU1uSWtSQ2ZFblBnZk9CCm1saTNLUjZ6YWc4ZGdFWGxLUXVrN1NOa01paEE3VnJFNmlSUEUxUFRManZtL1RZeUFCelFHWjdjRDRVTnBxVUwKRjBrYzhiV1lmNXA0RG43MkZIeUVYd1FBbzdsZC83d1pQL0VpcDhXVGdQeHFNcDR4RDBIQkZYNUFpVVZJcDJxKwplbHVUQ3BjYW0wM0RFdEt4TUhOQndMaHdVTlRKK1BMR2ZiUEFXYTRITU5LYmRha1BSazJ3UzFXNzJnUFF2eU54ClBCM3ZEdHNBYlVMOHNTNGJPdW5zblJvVCt3bXMwbmt5RzlSb3ZaM2Z0NnpVNzFyaVpFd3lLVkQ3aW9JUW9tRFkKUUJTU3pIQll0VmJ6VFV6aXBHYUlTNEU1c0d5SWVsTmJ4TjFOT1owd0piYkRldDNBNVlOZEdRM05pZFhiQ0pBbgpMVG50V01GTTV3cDBkcTIzM2ZNYm9iMGhsS0pjNkd0dmRWUGVLeUIvcDFRVDN0cjl0ZVhBcGR6clNLK2tTUGJuCjU3OTVpMmtubzdaOEJpdG1ZbFFwZVpITDBzdVBLMG5salRyYnZ1RUIrSHNSSGZXMGYwUG13MzQ0Q0xxSldCUzUKRzd4ak01WjVGVVVVb1dESFl5SzhJUk9vUnNMajVNR1VpY2hLT1RkWFRFMENBd0VBQWFOQ01FQXdEZ1lEVlIwUApBUUgvQkFRREFnS2tNQThHQTFVZEV3RUIvd1FGTUFNQkFmOHdIUVlEVlIwT0JCWUVGTi9tcC9ad3NsbFcxNTNhClJBbXpjZmVBSWptYU1BMEdDU3FHU0liM0RRRUJDd1VBQTRJQ0FRQ2dqbVdUYkhrOHA2MVV2SnlXblo0QWdkQ2QKR3VBaUl6MEc1RXlvbC9HSTRoTGRJd0ZuQWt6R0RBQzhUUWtRdVJiQXltajlpVUJoejMwd0xUK2hnNmJoWVM5RApRQ1E5ZW9Ha2pHWjFHTFpKN2JvNzdZcXhvZDFLaElEbGVGZjVrZEhtQ0lGVWwwb3hGMFduYWxLQy8xeHNKMDFVCkcwbk03YjBpTG54VytZZGJxR01lTnFtUytidTBFekVWa0RiSmZwM2ZJZVordDlEOElZS0diU3pHSmlwM2E2SFQKaG9Samc3Zmlhd2xOTnVhVFlVTVAwb3p1dVk0QU81cXYxMFZaZlV5L2V2ek8yNmRqTzVTbXRYa1BZTmw4WWtYcQpVYWliVldDamM3YmhqM0lGN2kweGUyMi9JR1R5clkvd1NYMk4rTHN0c2I4ZnpLSmo3Q05lOTFzTDFzRGptOU9kCjFiTU93dDFoUlZyMjM0VGxyMTRoV25ySDNWd0tXdnR5cTJNQXZ3MWgvUjVibmVDM096Q0J3WEVqclRCcXd6L28KQ2FPeHdrUU9NRlJ3WlRCR2IvSktTNmhiTjNXUVQ4OXNuYXdCUDc2d1Juc0NnTUIzTE1MSkJob1ZyNmttZXRJZgowellOMUVjb2FzaG5uMktjUGgwcUIyY2hnSFhEaXl2OEllekpNb244ZmZ1NklPWkVyb3BCMHFNWWpyV3N6VE4yCmtXaG0rcVQzbk01NkpZZWhLWUgreUtSL2dVcXJDTzhCb2Z4SFF4cGRlK3l4WGF3ejdDQm5mZHVnQUM2WnI4MzYKak1DWVc4eXVJcjk0NStnb1pNVEM5ajZuOG9tQlcrSVIwMHVvbW5Xdllta0hBUDBWZFkvRi9uei9wZm5yRWZHQQp6QU5lamFTNXpYQVRjcHM4Zmc9PQotLS0tLUVORCBDRVJUSUZJQ0FURS0tLS0tCg==\n    server: https://eventhub-lab-aks-1pdmahfq.hcp.northeurope.azmk8s.io:443\n  name: eventhub-lab-aks\ncontexts:\n- context:\n    cluster: eventhub-lab-aks\n    user: clusterUser_eventhub-lab_eventhub-lab-aks\n  name: eventhub-lab-aks\ncurrent-context: eventhub-lab-aks\nkind: Config\npreferences: {}\nusers:\n- name: clusterUser_eventhub-lab_eventhub-lab-aks\n  user:\n    client-certificate-data: LS0tLS1CRUdJTiBDRVJUSUZJQ0FURS0tLS0tCk1JSUZIakNDQXdhZ0F3SUJBZ0lSQUoybC9qNzE1Z1RLRkEwZ1BNSGF5R3N3RFFZSktvWklodmNOQVFFTEJRQXcKRFRFTE1Ba0dBMVVFQXhNQ1kyRXdIaGNOTWpRd056TXhNVEF6TlRVeVdoY05Nall3TnpNeE1UQTBOVFV5V2pBdwpNUmN3RlFZRFZRUUtFdzV6ZVhOMFpXMDZiV0Z6ZEdWeWN6RVZNQk1HQTFVRUF4TU1iV0Z6ZEdWeVkyeHBaVzUwCk1JSUNJakFOQmdrcWhraUc5dzBCQVFFRkFBT0NBZzhBTUlJQ0NnS0NBZ0VBdEhCN1ErTHdHZ215TEIybDF2Y0QKVSsxbndERVpHWmJnNTdGZGdhUlJ1V0x0UUZUbWk4emVJd2Z6bDdSM1lCcXVLcGhkNkNTOEZ0Q0hOaWZhZ21jMQpBelc3YkVsMExCL0lsdTdvWFEzUlFOVVJkenhzQ1JJZDdHaHRpSVhaRzFTenhUMWFoWTJjZEUwMXEwMWJSZ2dHClZFMVgwY3d1TXlFQjRtMVFlZU1QWElMbVF1VWFndCt5OWtNb0NVUlorOVBPa3I2MmpjdEhFSm51djBDaXhaUFcKTnVzaEw1Zi8vbDNQQnlTMVRhbVg1MkRtQS9CYXF1ODEzaElrVDkzT28zVzNRUnFZcjJJZmhYK09qWDZyaTF6VQp4YVl2SmdnSXlJaWVnQ1F4dUNzU1l5T21qWEtyd3FYRzZhUVkvcFo4eCtqOVh3czhoSGl6eGtjbmw0RUlLWDV0CmVaZ2FXTW1uUE1wTk5iNE9wV3Rxc1U2b0t6R3hEUGZIMGtMcytERDMwQTdOSDlqWlFwWkVvZXFMc3RGMkEyQkoKVDhITGw4eDR4blFLNkZ6aXRpRnZ4YnpOVEtpWWpseWs2bU54K2tuWXlFRjdLR0FTZGRiQk1QRk9HdnpsM2trVQp3VGltSHRJeWVkcTI2aGg2VjRtMU51VDJpMWFuSFM1dUNLZmVBTEF1R2c2MXh6MUQwUXhQZTgvMmpvUDc1WnFzCjMyUkRvUWRENVg1VFRYS3AwYjVtTzN5bzYwTUVLdU5veTlqU2VkSFBnNEc4VlhZR1l3NWQ4TGF4VXZkd29LMmIKd2dGL2Mvb0wvL2R0clpoM2NWSWJLc2NmYkFCZzJzbjFLVW5pR3Z2US8wZzUzYjBYV0JkQUFlTncxZXI1LytlMwp6YVJQL2NPMkt6OFFpTjEwSTFtUFZzY0NBd0VBQWFOV01GUXdEZ1lEVlIwUEFRSC9CQVFEQWdXZ01CTUdBMVVkCkpRUU1NQW9HQ0NzR0FRVUZCd01DTUF3R0ExVWRFd0VCL3dRQ01BQXdId1lEVlIwakJCZ3dGb0FVMythbjluQ3kKV1ZiWG5kcEVDYk54OTRBaU9ab3dEUVlKS29aSWh2Y05BUUVMQlFBRGdnSUJBQk9rQk5hY2o2bnBmMm1jNmN1Ugo5WitxZnUyNDhqVDl5SVphcEdUTitDMG1ORWJEbTNUczdBalA4NUM4a0RQMS9IcVBlRks5TSswdTlNTG9saXN3ClE5eGc4b3AxZVBnYlBWMUNDQXJJRGV5c0FBVHVlUmFkY21EbGN1aktYRDRTYXppdG4zN1hoQ01XTlRuYXI4VEIKWk9PWUE4T1Q0TGhhbVA4WExvSjVSSUUxL0s3QWpKMVN6ai8rK2R2TlY5V2RFOHFrOTcrR0dmNVJ0dEI0cDU4MQpiOEdSUVVPMkJ0Rm8xNmkveUFqQndGWm5ZNkRWMytzT3RKamY5Um1raWRwQ3pzOHRlNlBWM2VDbTA0L3poRkx3CklmYVlKMi9vT0F0YzFJbVptTElsVlpmTzBuVGVoMTcwNi9TWlI0cHo2STkzY1lMN2hPUkhwZlV0NzZnd2tlK0sKWVZkTVhEYlhyQllPUDczSDdwdFpNWEV4SlJIUkJHdXZOSXV5RXArcXNoL1dvMnFFOHVBV2VuTVdJbEJSZ2RDTQoxckJjUUkyQ2dOL3Z0NjBHVk9FSkhIeDVwbS8zdkMzRnBGYXJmTzg2VlVBeThSZzg2aU52REVHRzZzUlZqK1N4CitUTmhpRmttY0dSMnpid2FBeDYxdk1qTkE4V09CdW1pOUt5L3NTYmgyZnZ4MDdMS2RqSTV4VCtuMk5YV2pYa3AKUHRQMThBSENMSGlSVkZpbXZBaHlHdjZwYXFJT1dOSTh6bTRibXVDdVJSV3NyYWIrSi9ncDVqRFJ0L0RPZHp6aQpMQitXdW9FTmRkamRIM3FJczE0ZjhLejJpWGJrZ1hYOG1IemROT0l3NmREeWNSaVROVXE0clJmcmNSWmNkRVI2CmlXRnFmVHVqUUp3T3VVZEpXWDJUbmtZTQotLS0tLUVORCBDRVJUSUZJQ0FURS0tLS0tCg==\n    client-key-data: LS0tLS1CRUdJTiBSU0EgUFJJVkFURSBLRVktLS0tLQpNSUlKS1FJQkFBS0NBZ0VBdEhCN1ErTHdHZ215TEIybDF2Y0RVKzFud0RFWkdaYmc1N0ZkZ2FSUnVXTHRRRlRtCmk4emVJd2Z6bDdSM1lCcXVLcGhkNkNTOEZ0Q0hOaWZhZ21jMUF6VzdiRWwwTEIvSWx1N29YUTNSUU5VUmR6eHMKQ1JJZDdHaHRpSVhaRzFTenhUMWFoWTJjZEUwMXEwMWJSZ2dHVkUxWDBjd3VNeUVCNG0xUWVlTVBYSUxtUXVVYQpndCt5OWtNb0NVUlorOVBPa3I2MmpjdEhFSm51djBDaXhaUFdOdXNoTDVmLy9sM1BCeVMxVGFtWDUyRG1BL0JhCnF1ODEzaElrVDkzT28zVzNRUnFZcjJJZmhYK09qWDZyaTF6VXhhWXZKZ2dJeUlpZWdDUXh1Q3NTWXlPbWpYS3IKd3FYRzZhUVkvcFo4eCtqOVh3czhoSGl6eGtjbmw0RUlLWDV0ZVpnYVdNbW5QTXBOTmI0T3BXdHFzVTZvS3pHeApEUGZIMGtMcytERDMwQTdOSDlqWlFwWkVvZXFMc3RGMkEyQkpUOEhMbDh4NHhuUUs2RnppdGlGdnhiek5US2lZCmpseWs2bU54K2tuWXlFRjdLR0FTZGRiQk1QRk9HdnpsM2trVXdUaW1IdEl5ZWRxMjZoaDZWNG0xTnVUMmkxYW4KSFM1dUNLZmVBTEF1R2c2MXh6MUQwUXhQZTgvMmpvUDc1WnFzMzJSRG9RZEQ1WDVUVFhLcDBiNW1PM3lvNjBNRQpLdU5veTlqU2VkSFBnNEc4VlhZR1l3NWQ4TGF4VXZkd29LMmJ3Z0YvYy9vTC8vZHRyWmgzY1ZJYktzY2ZiQUJnCjJzbjFLVW5pR3Z2US8wZzUzYjBYV0JkQUFlTncxZXI1LytlM3phUlAvY08yS3o4UWlOMTBJMW1QVnNjQ0F3RUEKQVFLQ0FnQjlvaC9CYWI1aGNzVFN3S1hhb2N4NFlFRXY2VCtmdUpUSjNZM01tVnVwcDc2blh6WFN1d2NqL3dKVgphM3IrdURUeVJYcUZDeWJHLzlSVkdiU2p2VGFGRUtGNXlUOFJCZVJGYXZ6dzVaRUFBaHFTR2NqakcvRW56S0lQClA1cWwwL2tEYVMrZzg3T3VxcCttc1VyTzNRR0RLd0x0ZWF2bFA2TXZRNHVZQWtlTTB6dDk4a1RlUU9FN1pCRDUKT3RVb2FSWll5RjhWSlNkSzROTUI2UUFzYnoza3FSeEhKaDlBdlpKTFYvekFvVWU1KzViTHdVdHYzdlJ6dGRBQQpwK0Nib1hmQjVjSFB3NU5OQVQ2Qk9HUTZ1WjBRTFNDQTYzRXFKeTJzN1FhTlE3Z2V2UkRYUmJOZjZNc3huR2NtCnhDTUhraXJ3UlVPU3ZQUDNKMDNpeUIybHZuaDcxNFRIN1VZQlpaVGZhQ0x2WjIyS3I0YWZsamtZTUE4TUo3Q3UKclpJS0VuSlkvZE81bFpLUXpyaDNNL0FHOU5OWGlnN3EvZ3JVenk4akRLMWpYNEpScENacDd4YXF5WHdSUDNhWQo0YUpxeFp6ZWVsWWZRL250Q1c4UmZtZHN0eFBsTEdVcTVtTXd6ek40aVJMdzQ3dElaU0JKMEljcFd2RHRPeEoyCjJXcXNvR3RFRU8wc1M3alpXOStGSEE5UVJ5VzAzSDVBRUQwZlJ0N2JpOG1uU1VlY1RHendhc1hNUlNHUXVPMzQKRW16MVhvUUl4dHZmeEllRDQxR1dTTGdBQnVMcTQ0MlFaUFYxaktJVWJ1WmJ3K1dnSUY1UHpLWWhLeHN1QmRYbAo2RlhnVXBadjc3anh4aXJTMER4ZG9ZSDlPanZ4UGdyYjl5YUY3VmRNNEhGL0h3V3FzUUtDQVFFQTdLUm5IalJRCnhYM3hOZUo5VnNlWnphQmhkUVdoUmpEUjR3YmNzd1V0L0dWeWIxWlNzSWVrVW93UXBUdzFyK2FWVWRVd3dTa0gKRjRKSUMvaU9TaGhCOXRyNVZxVDE3M1h6OWZTTEFBeHV4U2JCSlEzKzdDYVB0N1dmVlh0M2lRa1VZWTdjdEpxYQorbDVRZUI3ZlF3TWh2YTNpaC8reUpYTGc3UDFNZzNKYVNkd0d6RHNLdGsyeFp5RXJ3MHQwRjRBU3pJZHd3UTdTCjIweHo4TU9nY05oQnU2WkM0ejRaZDhOYXo0S1JRTTVObmRCenJhYmZvNlY3eXpZTTZLR3VhU1F1d1NjMzVHTUcKVnNXeW0rSFJOL2ZrcWEyU2w1RHZvaXNUZ1pSZmhJL2lVamtrQTA5TEwyb2RpZXQycG1UZGRoL2ZCaG9Xc1orQgpDc213VU9BVE5SUUcyUUtDQVFFQXd6TWVRUHZ2eGp0U0ZKOVpJOVJ4dlFxTm9VUDExVlRNdGlncjJaZWpKdVdTCjYzSWU5eXNacTlvREE1NGpJNXpBczZSRFV2bzdVeWRaYTdaVmI1OHZPWDBnb25NQkZaWVY2TWFFWXhPRFQwZ1oKZWpKR01sdVFzZndhcC8wRE9rY1dBMjB3T0xPS0E1SXpwQWVCNlNaYi96MW1aOXVuME0zcDFSb0VyUzB0SWxLMgpBdFRVRmxNV2doTVpLUURZNGoyREVkUnBEdU8xNGhGc0xXdGJPKzczckI5SUxXR3BZL3ZPWFlBMzAwNWY2SUN4CkFnOHhvOWtMVFlHYXJrS3Z5QWJ2TjVGWGFMaGZUL01aMU82KzRrcWMxUTIza3d2YjlMMXpQTWNqaitzSUpQa1QKYU9rb3ZpNlB4K2djM3lRQzg4bjNqTEJ6eG1NWHErNGxwdDhTKytZR253S0NBUUVBcVVPckVwcS9ENVJYSFlEawp3RmJETjZhNUx2Z1k5RmpsT0N0blg1R2I1QVk0UlZVTWpvSm5VamduaTlrMldaeG9RQUZxL3k4MmlHVkMzWFVyCmFlcFIvSjJDYmF4TzBicWdCdFNsUENLb2ROS1Vvc21SQng5SisxQ3BLSDdJOExjUzRmbEsrcy8vZkloTHJMQUEKYURGc1IvMkJwRitMOEdkc1pYZUU3QnkyWWxCRWVIN2UyYWxXOUhwd2tCOS9hWFBOZm9oK2FVa09INWhlOGQ4cgorcXRrMFRGS2RMcXRndEcwT2V1ZHRDb2NzSDR5MEFvbHV5c2FFaStXS2l2RDBpYjBYbXFMK3d1dHRCRnpBVGNUCjdLR2U2Sk5qNEkvbUtDd0JwdFVYUVgyZGw4eVJhdUNqMmNWZ1hZK1Q3YzhGN1lFOGlHUE95Ynhhay9uUjZQZHUKSmJBdWVRS0NBUUFrSzZTL2hlKzRXK1dwekoxSDltWGRFY2VNeW5zVFBOTnlMWjl5Z3BiSTdtRjdIM3A5Y284ZgpPUmExNU9lK0FaM3pxOHlONDdCNmlDQVp4WCt2WDEvdzF5N2s2MHFZSldlSjZyODlYTEJJVUtQbjhNanhLK1owCkZMTWJ6ZFo3UmhEZU1hMXQxRmNPc2xpL1hHVEdQMFZzMW9QVFd2Q04wSm96MHM1ckNLUUVhQzh4OXg0VnhPKzIKeXJNdTFlbGFndXQyc2xXRlhNeW5SM00wTjJDQWlwZDZYWkdTVnpaOFFIek05cVZoa25SVE1RV2J6QlQydDVGUQptMk4rUnYwcm81MVFQcTVqeVVaZ0dqdi9LUDVXRUYxZlhWdFc5Q3VkL2owTVZocFE0TXh4alhYN1Nya3lCSTdBCkRGTE5SbThGbmJjeGFzRUpVZk5nK0pBaGk5U0l1T2NoQW9JQkFRRE1xTC9USSsxMkc4RldIT0lYY1BQNEh3R2MKcEVZQ0s0MjlDeDQzY2F5bXZRN3NHVzFYbVFmNStPUmQ3YWtVMmc4SjlhUHE5OUdOdEVqZnU1Y1Zkb2o3ZnRPUQp3dllWbXkxUlZkQjYrY1lEKzVYOE5UODRGNWFSNTg2Nnd1Mkp3N05zem8wemw3STBtTXJ3NnV1UnI1b2xWbElGCjBwK05rdEo3WkRZU3hxdHY2aDQvL3l3V2UwMjhqc1dYNkZGYmNtNk0zNElOS2ltWTBOWUw0QmpWdjQyWlZzNnAKUzdkbUZickVsR1ZxTm4yNkRtSWNRU3RpeS9Zbm5VSWs5anBpanRVU3FOdm54OStZUTNmN1hPME9vKzUzK2xvdAp3OUlmczlCVXNXU3JSaU1RZVlNMXNtZW9naVlRQThZbzd0UjRxQ1BSKzh0YmxaSmxmS24zOVBQY0syOEEKLS0tLS1FTkQgUlNBIFBSSVZBVEUgS0VZLS0tLS0K\n    token: fjlxb74zuzbr67t0fgo5335v9pvyq5tmppzadwhpfhorvn9e0zdztpmq1kyn9eead1jd8yide19nrvy9cd2jbw9kkd2ve0tlssgjyszsvwiu953g3azrumtviobom87u\n",
            "kubelet_identity": [
              {
                "client_id": "1cf646c3-6dd8-48f6-aae4-98320b564875",
                "object_id": "5e050a7e-fe9c-4104-908d-dff4ee99eb74",
                "user_assigned_identity_id": "/subscriptions/d346dce2-8e13-402b-82ff-8aff3ec09c07/resourceGroups/MC_eventhub-lab_eventhub-lab-aks_northeurope/providers/Microsoft.ManagedIdentity/userAssignedIdentities/eventhub-lab-aks-agentpool"
              }
            ],
            "kubernetes_version": "1.28",
            "linux_profile": [],
            "local_account_disabled": false,
            "location": "northeurope",
            "maintenance_window": [],
            "maintenance_window_auto_upgrade": [],
            "maintenance_window_node_os": [],
            "microsoft_defender": [],
            "monitor_metrics": [],
            "name": "eventhub-lab-aks",
            "network_profile": [
              {
                "dns_service_ip": "10.0.0.10",
                "docker_bridge_cidr": "",
                "ebpf_data_plane": "",
                "ip_versions": [
                  "IPv4"
                ],
                "load_balancer_profile": [
                  {
                    "effective_outbound_ips": [
                      "/subscriptions/d346dce2-8e13-402b-82ff-8aff3ec09c07/resourceGroups/MC_eventhub-lab_eventhub-lab-aks_northeurope/providers/Microsoft.Network/publicIPAddresses/1d7ccc71-3413-4d14-935e-ae591efc2dd6"
                    ],
                    "idle_timeout_in_minutes": 0,
                    "managed_outbound_ip_count": 1,
                    "managed_outbound_ipv6_count": 0,
                    "outbound_ip_address_ids": [],
                    "outbound_ip_prefix_ids": [],
                    "outbound_ports_allocated": 0
                  }
                ],
                "load_balancer_sku": "standard",
                "nat_gateway_profile": [],
                "network_mode": "",
                "network_plugin": "azure",
                "network_plugin_mode": "",
                "network_policy": "azure",
                "outbound_ip_address_ids": [],
                "outbound_ip_prefix_ids": [],
                "outbound_type": "loadBalancer",
                "pod_cidr": "",
                "pod_cidrs": [],
                "service_cidr": "10.0.0.0/16",
                "service_cidrs": [
                  "10.0.0.0/16"
                ]
              }
            ],
            "node_os_channel_upgrade": null,
            "node_resource_group": "MC_eventhub-lab_eventhub-lab-aks_northeurope",
            "node_resource_group_id": "/subscriptions/d346dce2-8e13-402b-82ff-8aff3ec09c07/resourceGroups/MC_eventhub-lab_eventhub-lab-aks_northeurope",
            "oidc_issuer_enabled": true,
            "oidc_issuer_url": "https://northeurope.oic.prod-aks.azure.com/16b3c013-d300-468d-ac64-7eda0820b6d3/cd6be05f-9fbe-42fc-9929-85b37496511e/",
            "oms_agent": [],
            "open_service_mesh_enabled": false,
            "portal_fqdn": "eventhub-lab-aks-1pdmahfq.portal.hcp.northeurope.azmk8s.io",
            "private_cluster_enabled": false,
            "private_cluster_public_fqdn_enabled": false,
            "private_dns_zone_id": null,
            "private_fqdn": "",
            "public_network_access_enabled": true,
            "resource_group_name": "eventhub-lab",
            "role_based_access_control_enabled": true,
            "run_command_enabled": true,
            "service_mesh_profile": [],
            "service_principal": [],
            "sku_tier": "Free",
            "storage_profile": [],
            "support_plan": "KubernetesOfficial",
            "tags": {},
            "timeouts": null,
            "web_app_routing": [],
            "windows_profile": [
              {
                "admin_password": "",
                "admin_username": "azureuser",
                "gmsa": [],
                "license": ""
              }
            ],
            "workload_autoscaler_profile": [],
            "workload_identity_enabled": true
          },
          "sensitive_attributes": [],
          "private": "eyJlMmJmYjczMC1lY2FhLTExZTYtOGY4OC0zNDM2M2JjN2M0YzAiOnsiY3JlYXRlIjo1NDAwMDAwMDAwMDAwLCJkZWxldGUiOjU0MDAwMDAwMDAwMDAsInJlYWQiOjMwMDAwMDAwMDAwMCwidXBkYXRlIjo1NDAwMDAwMDAwMDAwfSwic2NoZW1hX3ZlcnNpb24iOiIyIn0=",
          "dependencies": [
            "azurerm_resource_group.eventhub_resource_group"
          ]
        }
      ]
    },
    {
      "mode": "managed",
      "type": "azurerm_kubernetes_cluster_extension",
      "name": "flux",
      "provider": "provider[\"registry.terraform.io/hashicorp/azurerm\"]",
      "instances": [
        {
          "schema_version": 0,
          "attributes": {
            "aks_assigned_identity": [
              {
                "principal_id": "42691ece-11ed-421b-bd53-3526fc15290b",
                "tenant_id": "",
                "type": "SystemAssigned"
              }
            ],
            "cluster_id": "/subscriptions/d346dce2-8e13-402b-82ff-8aff3ec09c07/resourceGroups/eventhub-lab/providers/Microsoft.ContainerService/managedClusters/eventhub-lab-aks",
            "configuration_protected_settings": {},
            "configuration_settings": {},
            "current_version": "1.10.0",
            "extension_type": "microsoft.flux",
            "id": "/subscriptions/d346dce2-8e13-402b-82ff-8aff3ec09c07/resourceGroups/eventhub-lab/providers/Microsoft.ContainerService/managedClusters/eventhub-lab-aks/providers/Microsoft.KubernetesConfiguration/extensions/flux",
            "name": "flux",
            "plan": [],
            "release_namespace": "flux-system",
            "release_train": "Stable",
            "target_namespace": "",
            "timeouts": null,
            "version": ""
          },
          "sensitive_attributes": [],
          "private": "eyJlMmJmYjczMC1lY2FhLTExZTYtOGY4OC0zNDM2M2JjN2M0YzAiOnsiY3JlYXRlIjoxODAwMDAwMDAwMDAwLCJkZWxldGUiOjE4MDAwMDAwMDAwMDAsInJlYWQiOjMwMDAwMDAwMDAwMCwidXBkYXRlIjoxODAwMDAwMDAwMDAwfX0=",
          "dependencies": [
            "azurerm_kubernetes_cluster.aks",
            "azurerm_resource_group.eventhub_resource_group"
          ],
          "create_before_destroy": true
        }
      ]
    },
    {
      "mode": "managed",
      "type": "azurerm_kubernetes_flux_configuration",
      "name": "k8s_flux",
      "provider": "provider[\"registry.terraform.io/hashicorp/azurerm\"]",
      "instances": [
        {
          "schema_version": 0,
          "attributes": {
            "blob_storage": [],
            "bucket": [],
            "cluster_id": "/subscriptions/d346dce2-8e13-402b-82ff-8aff3ec09c07/resourceGroups/eventhub-lab/providers/Microsoft.ContainerService/managedClusters/eventhub-lab-aks",
            "continuous_reconciliation_enabled": true,
            "git_repository": [
              {
                "https_ca_cert_base64": "",
                "https_key_base64": "",
                "https_user": "",
                "local_auth_reference": "",
                "reference_type": "branch",
                "reference_value": "master",
                "ssh_known_hosts_base64": "",
                "ssh_private_key_base64": "",
                "sync_interval_in_seconds": 600,
                "timeout_in_seconds": 600,
                "url": "https://github.com/tx99/eventhub-lab.git"
              }
            ],
            "id": "/subscriptions/d346dce2-8e13-402b-82ff-8aff3ec09c07/resourceGroups/eventhub-lab/providers/Microsoft.ContainerService/managedClusters/eventhub-lab-aks/providers/Microsoft.KubernetesConfiguration/fluxConfigurations/flux-system",
            "kustomizations": [
              {
                "depends_on": [],
                "garbage_collection_enabled": false,
                "name": "controller",
                "path": "./src/controller/k8",
                "recreating_enabled": false,
                "retry_interval_in_seconds": 120,
                "sync_interval_in_seconds": 120,
                "timeout_in_seconds": 600
              },
              {
                "depends_on": [],
                "garbage_collection_enabled": false,
                "name": "frontend",
                "path": "./src/frontend/k8",
                "recreating_enabled": false,
                "retry_interval_in_seconds": 120,
                "sync_interval_in_seconds": 120,
                "timeout_in_seconds": 600
              },
              {
                "depends_on": [],
                "garbage_collection_enabled": false,
                "name": "ingress",
                "path": "./k8/templates",
                "recreating_enabled": false,
                "retry_interval_in_seconds": 120,
                "sync_interval_in_seconds": 120,
                "timeout_in_seconds": 600
              },
              {
                "depends_on": [],
                "garbage_collection_enabled": false,
                "name": "workload-identity",
                "path": "workload-identity/overlays/multi-namespace",
                "recreating_enabled": false,
                "retry_interval_in_seconds": 120,
                "sync_interval_in_seconds": 120,
                "timeout_in_seconds": 300
              }
            ],
            "name": "flux-system",
            "namespace": "flux-system",
            "scope": "cluster",
            "timeouts": null
          },
          "sensitive_attributes": [],
          "private": "eyJlMmJmYjczMC1lY2FhLTExZTYtOGY4OC0zNDM2M2JjN2M0YzAiOnsiY3JlYXRlIjoxODAwMDAwMDAwMDAwLCJkZWxldGUiOjE4MDAwMDAwMDAwMDAsInJlYWQiOjMwMDAwMDAwMDAwMCwidXBkYXRlIjoxODAwMDAwMDAwMDAwfX0=",
          "dependencies": [
            "azurerm_key_vault.keyvault",
            "azurerm_kubernetes_cluster.aks",
            "azurerm_kubernetes_cluster_extension.flux",
            "azurerm_resource_group.eventhub_resource_group",
            "azurerm_user_assigned_identity.workload_identity",
            "data.azurerm_client_config.current",
            "kubernetes_config_map.flux_custom_values",
            "kubernetes_namespace.namespaces",
            "kubernetes_secret.flux_secrets"
          ],
          "create_before_destroy": true
        }
      ]
    },
    {
      "mode": "managed",
      "type": "azurerm_postgresql_database",
      "name": "booksdb",
      "provider": "provider[\"registry.terraform.io/hashicorp/azurerm\"]",
      "instances": [
        {
          "schema_version": 1,
          "attributes": {
            "charset": "UTF8",
            "collation": "en-US",
            "id": "/subscriptions/d346dce2-8e13-402b-82ff-8aff3ec09c07/resourceGroups/eventhub-lab/providers/Microsoft.DBforPostgreSQL/servers/eventhub-lab-postgresql/databases/booksdb",
            "name": "booksdb",
            "resource_group_name": "eventhub-lab",
            "server_name": "eventhub-lab-postgresql",
            "timeouts": null
          },
          "sensitive_attributes": [],
          "private": "eyJlMmJmYjczMC1lY2FhLTExZTYtOGY4OC0zNDM2M2JjN2M0YzAiOnsiY3JlYXRlIjozNjAwMDAwMDAwMDAwLCJkZWxldGUiOjM2MDAwMDAwMDAwMDAsInJlYWQiOjMwMDAwMDAwMDAwMH0sInNjaGVtYV92ZXJzaW9uIjoiMSJ9",
          "dependencies": [
            "azurerm_postgresql_server.booksdb",
            "azurerm_resource_group.eventhub_resource_group",
            "random_password.postgresql_admin_password"
          ]
        }
      ]
    },
    {
      "mode": "managed",
      "type": "azurerm_postgresql_server",
      "name": "booksdb",
      "provider": "provider[\"registry.terraform.io/hashicorp/azurerm\"]",
      "instances": [
        {
          "schema_version": 1,
          "attributes": {
            "administrator_login": "psqladminun",
            "administrator_login_password": "S-S4cZL1sr8G[eRq",
            "auto_grow_enabled": false,
            "backup_retention_days": 7,
            "create_mode": "Default",
            "creation_source_server_id": null,
            "fqdn": "eventhub-lab-postgresql.postgres.database.azure.com",
            "geo_redundant_backup_enabled": false,
            "id": "/subscriptions/d346dce2-8e13-402b-82ff-8aff3ec09c07/resourceGroups/eventhub-lab/providers/Microsoft.DBforPostgreSQL/servers/eventhub-lab-postgresql",
            "identity": [],
            "infrastructure_encryption_enabled": false,
            "location": "northeurope",
            "name": "eventhub-lab-postgresql",
            "public_network_access_enabled": true,
            "resource_group_name": "eventhub-lab",
            "restore_point_in_time": null,
            "sku_name": "B_Gen5_1",
            "ssl_enforcement_enabled": true,
            "ssl_minimal_tls_version_enforced": "TLS1_2",
            "storage_mb": 5120,
            "tags": {},
            "threat_detection_policy": [],
            "timeouts": null,
            "version": "11"
          },
          "sensitive_attributes": [
            [
              {
                "type": "get_attr",
                "value": "administrator_login_password"
              }
            ]
          ],
          "private": "eyJlMmJmYjczMC1lY2FhLTExZTYtOGY4OC0zNDM2M2JjN2M0YzAiOnsiY3JlYXRlIjozNjAwMDAwMDAwMDAwLCJkZWxldGUiOjM2MDAwMDAwMDAwMDAsInJlYWQiOjMwMDAwMDAwMDAwMCwidXBkYXRlIjozNjAwMDAwMDAwMDAwfSwic2NoZW1hX3ZlcnNpb24iOiIxIn0=",
          "dependencies": [
            "azurerm_resource_group.eventhub_resource_group",
            "random_password.postgresql_admin_password"
          ]
        }
      ]
    },
    {
      "mode": "managed",
      "type": "azurerm_resource_group",
      "name": "eventhub_resource_group",
      "provider": "provider[\"registry.terraform.io/hashicorp/azurerm\"]",
      "instances": [
        {
          "schema_version": 0,
          "attributes": {
            "id": "/subscriptions/d346dce2-8e13-402b-82ff-8aff3ec09c07/resourceGroups/eventhub-lab",
            "location": "northeurope",
            "managed_by": "",
            "name": "eventhub-lab",
            "tags": {},
            "timeouts": null
          },
          "sensitive_attributes": [],
          "private": "eyJlMmJmYjczMC1lY2FhLTExZTYtOGY4OC0zNDM2M2JjN2M0YzAiOnsiY3JlYXRlIjo1NDAwMDAwMDAwMDAwLCJkZWxldGUiOjU0MDAwMDAwMDAwMDAsInJlYWQiOjMwMDAwMDAwMDAwMCwidXBkYXRlIjo1NDAwMDAwMDAwMDAwfX0=",
          "create_before_destroy": true
        }
      ]
    },
    {
      "mode": "managed",
      "type": "azurerm_user_assigned_identity",
      "name": "workload_identity",
      "provider": "provider[\"registry.terraform.io/hashicorp/azurerm\"]",
      "instances": [
        {
          "schema_version": 1,
          "attributes": {
            "client_id": "e9ce2e8d-4679-48de-a8fd-00c03f7f7ede",
            "id": "/subscriptions/d346dce2-8e13-402b-82ff-8aff3ec09c07/resourceGroups/eventhub-lab/providers/Microsoft.ManagedIdentity/userAssignedIdentities/eventhub-lab-workload-identity",
            "location": "northeurope",
            "name": "eventhub-lab-workload-identity",
            "principal_id": "8830883b-1abd-4d92-895d-880b8fa23f18",
            "resource_group_name": "eventhub-lab",
            "tags": {},
            "tenant_id": "16b3c013-d300-468d-ac64-7eda0820b6d3",
            "timeouts": null
          },
          "sensitive_attributes": [],
          "private": "eyJlMmJmYjczMC1lY2FhLTExZTYtOGY4OC0zNDM2M2JjN2M0YzAiOnsiY3JlYXRlIjoxODAwMDAwMDAwMDAwLCJkZWxldGUiOjE4MDAwMDAwMDAwMDAsInJlYWQiOjMwMDAwMDAwMDAwMCwidXBkYXRlIjoxODAwMDAwMDAwMDAwfSwic2NoZW1hX3ZlcnNpb24iOiIxIn0=",
          "dependencies": [
            "azurerm_resource_group.eventhub_resource_group"
          ],
          "create_before_destroy": true
        }
      ]
    },
    {
      "mode": "managed",
      "type": "kubernetes_config_map",
      "name": "eventhub_config",
      "provider": "provider[\"registry.terraform.io/hashicorp/kubernetes\"]",
      "instances": [
        {
          "schema_version": 0,
          "attributes": {
            "binary_data": null,
            "data": {
              "AZURE_EVENTHUB_NAME": "myeventhub",
              "AZURE_EVENTHUB_NAMESPACE": "evthubnamespace2344"
            },
            "id": "controller/eventhub-config",
            "immutable": false,
            "metadata": [
              {
                "annotations": null,
                "generate_name": "",
                "generation": 0,
                "labels": null,
                "name": "eventhub-config",
                "namespace": "controller",
                "resource_version": "33876",
                "uid": "6b9bd6ed-f10e-48dc-b3f1-a67d27066ce5"
              }
            ]
          },
          "sensitive_attributes": [],
          "private": "bnVsbA==",
          "dependencies": [
            "azurerm_kubernetes_cluster.aks",
            "azurerm_resource_group.eventhub_resource_group",
            "kubernetes_namespace.namespaces"
          ]
        }
      ]
    },
    {
      "mode": "managed",
      "type": "kubernetes_config_map",
      "name": "flux_custom_values",
      "provider": "provider[\"registry.terraform.io/hashicorp/kubernetes\"]",
      "instances": [
        {
          "schema_version": 0,
          "attributes": {
            "binary_data": {},
            "data": {
              "key_vault_url": "https://eventhub-lab-kv.vault.azure.net/",
              "managed_identity_client_id": "e9ce2e8d-4679-48de-a8fd-00c03f7f7ede"
            },
            "id": "flux-system/flux-custom-values",
            "immutable": false,
            "metadata": [
              {
                "annotations": {},
                "generate_name": "",
                "generation": 0,
                "labels": {},
                "name": "flux-custom-values",
                "namespace": "flux-system",
                "resource_version": "1380",
                "uid": "95a025d9-586c-4080-babe-69b4e33097f0"
              }
            ]
          },
          "sensitive_attributes": [],
          "private": "bnVsbA==",
          "dependencies": [
            "azurerm_key_vault.keyvault",
            "azurerm_kubernetes_cluster.aks",
            "azurerm_resource_group.eventhub_resource_group",
            "azurerm_user_assigned_identity.workload_identity",
            "data.azurerm_client_config.current",
            "kubernetes_namespace.namespaces"
          ],
          "create_before_destroy": true
        }
      ]
    },
    {
      "mode": "managed",
      "type": "kubernetes_config_map",
      "name": "key_vault_config",
      "provider": "provider[\"registry.terraform.io/hashicorp/kubernetes\"]",
      "instances": [
        {
          "index_key": "bookstore-frontend",
          "schema_version": 0,
          "attributes": {
            "binary_data": {},
            "data": {
              "KEY_VAULT_URL": "https://eventhub-lab-kv.vault.azure.net/"
            },
            "id": "bookstore-frontend/key-vault-config",
            "immutable": false,
            "metadata": [
              {
                "annotations": {},
                "generate_name": "",
                "generation": 0,
                "labels": {},
                "name": "key-vault-config",
                "namespace": "bookstore-frontend",
                "resource_version": "1381",
                "uid": "2bc4f967-d9bd-4c4f-b7a0-c1bea43278bb"
              }
            ]
          },
          "sensitive_attributes": [],
          "private": "bnVsbA==",
          "dependencies": [
            "azurerm_key_vault.keyvault",
            "azurerm_kubernetes_cluster.aks",
            "azurerm_resource_group.eventhub_resource_group",
            "data.azurerm_client_config.current",
            "kubernetes_namespace.namespaces"
          ]
        },
        {
          "index_key": "controller",
          "schema_version": 0,
          "attributes": {
            "binary_data": {},
            "data": {
              "KEY_VAULT_URL": "https://eventhub-lab-kv.vault.azure.net/"
            },
            "id": "controller/key-vault-config",
            "immutable": false,
            "metadata": [
              {
                "annotations": {},
                "generate_name": "",
                "generation": 0,
                "labels": {},
                "name": "key-vault-config",
                "namespace": "controller",
                "resource_version": "1379",
                "uid": "6d5b8f4d-ec9d-471d-86e7-a43c873a28a4"
              }
            ]
          },
          "sensitive_attributes": [],
          "private": "bnVsbA==",
          "dependencies": [
            "azurerm_key_vault.keyvault",
            "azurerm_kubernetes_cluster.aks",
            "azurerm_resource_group.eventhub_resource_group",
            "data.azurerm_client_config.current",
            "kubernetes_namespace.namespaces"
          ]
        },
        {
          "index_key": "flux-system",
          "schema_version": 0,
          "attributes": {
            "binary_data": {},
            "data": {
              "KEY_VAULT_URL": "https://eventhub-lab-kv.vault.azure.net/"
            },
            "id": "flux-system/key-vault-config",
            "immutable": false,
            "metadata": [
              {
                "annotations": {},
                "generate_name": "",
                "generation": 0,
                "labels": {},
                "name": "key-vault-config",
                "namespace": "flux-system",
                "resource_version": "1382",
                "uid": "80081362-3780-4679-89f8-f7497725fb20"
              }
            ]
          },
          "sensitive_attributes": [],
          "private": "bnVsbA==",
          "dependencies": [
            "azurerm_key_vault.keyvault",
            "azurerm_kubernetes_cluster.aks",
            "azurerm_resource_group.eventhub_resource_group",
            "data.azurerm_client_config.current",
            "kubernetes_namespace.namespaces"
          ]
        }
      ]
    },
    {
      "mode": "managed",
      "type": "kubernetes_config_map",
      "name": "workload_identity_config",
      "provider": "provider[\"registry.terraform.io/hashicorp/kubernetes\"]",
      "instances": [
        {
          "index_key": "bookstore-frontend",
          "schema_version": 0,
          "attributes": {
            "binary_data": {},
            "data": {
              "managed_identity_client_id": "e9ce2e8d-4679-48de-a8fd-00c03f7f7ede"
            },
            "id": "bookstore-frontend/workload-identity-config",
            "immutable": false,
            "metadata": [
              {
                "annotations": {},
                "generate_name": "",
                "generation": 0,
                "labels": {},
                "name": "workload-identity-config",
                "namespace": "bookstore-frontend",
                "resource_version": "1376",
                "uid": "d8e5c64b-9aa1-4c27-94d3-07bfee97bc5b"
              }
            ]
          },
          "sensitive_attributes": [],
          "private": "bnVsbA==",
          "dependencies": [
            "azurerm_kubernetes_cluster.aks",
            "azurerm_resource_group.eventhub_resource_group",
            "azurerm_user_assigned_identity.workload_identity",
            "kubernetes_namespace.namespaces"
          ]
        },
        {
          "index_key": "controller",
          "schema_version": 0,
          "attributes": {
            "binary_data": {},
            "data": {
              "managed_identity_client_id": "e9ce2e8d-4679-48de-a8fd-00c03f7f7ede"
            },
            "id": "controller/workload-identity-config",
            "immutable": false,
            "metadata": [
              {
                "annotations": {},
                "generate_name": "",
                "generation": 0,
                "labels": {},
                "name": "workload-identity-config",
                "namespace": "controller",
                "resource_version": "1377",
                "uid": "c7d5f015-7e2d-423d-bbc4-80bb3dad0ec1"
              }
            ]
          },
          "sensitive_attributes": [],
          "private": "bnVsbA==",
          "dependencies": [
            "azurerm_kubernetes_cluster.aks",
            "azurerm_resource_group.eventhub_resource_group",
            "azurerm_user_assigned_identity.workload_identity",
            "kubernetes_namespace.namespaces"
          ]
        },
        {
          "index_key": "flux-system",
          "schema_version": 0,
          "attributes": {
            "binary_data": {},
            "data": {
              "managed_identity_client_id": "e9ce2e8d-4679-48de-a8fd-00c03f7f7ede"
            },
            "id": "flux-system/workload-identity-config",
            "immutable": false,
            "metadata": [
              {
                "annotations": {},
                "generate_name": "",
                "generation": 0,
                "labels": {},
                "name": "workload-identity-config",
                "namespace": "flux-system",
                "resource_version": "1378",
                "uid": "e640e3de-9f2c-494e-821d-eed714b7590b"
              }
            ]
          },
          "sensitive_attributes": [],
          "private": "bnVsbA==",
          "dependencies": [
            "azurerm_kubernetes_cluster.aks",
            "azurerm_resource_group.eventhub_resource_group",
            "azurerm_user_assigned_identity.workload_identity",
            "kubernetes_namespace.namespaces"
          ]
        }
      ]
    },
    {
      "mode": "managed",
      "type": "kubernetes_namespace",
      "name": "namespaces",
      "provider": "provider[\"registry.terraform.io/hashicorp/kubernetes\"]",
      "instances": [
        {
          "index_key": "bookstore-frontend",
          "schema_version": 0,
          "attributes": {
            "id": "bookstore-frontend",
            "metadata": [
              {
                "annotations": {},
                "generate_name": "",
                "generation": 0,
                "labels": {},
                "name": "bookstore-frontend",
                "resource_version": "33873",
                "uid": "901c3002-2244-4421-9088-5186a26db150"
              }
            ],
            "timeouts": null,
            "wait_for_default_service_account": false
          },
          "sensitive_attributes": [],
          "private": "eyJlMmJmYjczMC1lY2FhLTExZTYtOGY4OC0zNDM2M2JjN2M0YzAiOnsiZGVsZXRlIjozMDAwMDAwMDAwMDB9fQ==",
          "dependencies": [
            "azurerm_kubernetes_cluster.aks",
            "azurerm_resource_group.eventhub_resource_group"
          ]
        },
        {
          "index_key": "controller",
          "schema_version": 0,
          "attributes": {
            "id": "controller",
            "metadata": [
              {
                "annotations": {},
                "generate_name": "",
                "generation": 0,
                "labels": {},
                "name": "controller",
                "resource_version": "33874",
                "uid": "da19376d-55e1-4b9a-bc57-eff4a046baf4"
              }
            ],
            "timeouts": null,
            "wait_for_default_service_account": false
          },
          "sensitive_attributes": [],
          "private": "eyJlMmJmYjczMC1lY2FhLTExZTYtOGY4OC0zNDM2M2JjN2M0YzAiOnsiZGVsZXRlIjozMDAwMDAwMDAwMDB9fQ==",
          "dependencies": [
            "azurerm_kubernetes_cluster.aks",
            "azurerm_resource_group.eventhub_resource_group"
          ]
        },
        {
          "index_key": "flux-system",
          "schema_version": 0,
          "attributes": {
            "id": "flux-system",
            "metadata": [
              {
                "annotations": {},
                "generate_name": "",
                "generation": 0,
                "labels": {},
                "name": "flux-system",
                "resource_version": "1366",
                "uid": "502b0bdf-de34-4144-adf4-e985bc28434e"
              }
            ],
            "timeouts": null,
            "wait_for_default_service_account": false
          },
          "sensitive_attributes": [],
          "private": "eyJlMmJmYjczMC1lY2FhLTExZTYtOGY4OC0zNDM2M2JjN2M0YzAiOnsiZGVsZXRlIjozMDAwMDAwMDAwMDB9fQ==",
          "dependencies": [
            "azurerm_kubernetes_cluster.aks",
            "azurerm_resource_group.eventhub_resource_group"
          ],
          "create_before_destroy": true
        }
      ]
    },
    {
      "mode": "managed",
      "type": "kubernetes_role",
      "name": "flux_custom_values_reader",
      "provider": "provider[\"registry.terraform.io/hashicorp/kubernetes\"]",
      "instances": [
        {
          "schema_version": 0,
          "attributes": {
            "id": "flux-system/flux-custom-values-reader",
            "metadata": [
              {
                "annotations": {},
                "generate_name": "",
                "generation": 0,
                "labels": {},
                "name": "flux-custom-values-reader",
                "namespace": "flux-system",
                "resource_version": "1375",
                "uid": "88ab843c-0b5b-4a43-96ce-63ec1acefa6f"
              }
            ],
            "rule": [
              {
                "api_groups": [
                  ""
                ],
                "resource_names": [
                  "flux-custom-values"
                ],
                "resources": [
                  "configmaps"
                ],
                "verbs": [
                  "get",
                  "list",
                  "watch"
                ]
              }
            ]
          },
          "sensitive_attributes": [],
          "private": "bnVsbA==",
          "dependencies": [
            "azurerm_kubernetes_cluster.aks",
            "azurerm_resource_group.eventhub_resource_group"
          ]
        }
      ]
    },
    {
      "mode": "managed",
      "type": "kubernetes_role_binding",
      "name": "flux_custom_values_reader",
      "provider": "provider[\"registry.terraform.io/hashicorp/kubernetes\"]",
      "instances": [
        {
          "schema_version": 0,
          "attributes": {
            "id": "flux-system/flux-custom-values-reader",
            "metadata": [
              {
                "annotations": {},
                "generate_name": "",
                "generation": 0,
                "labels": {},
                "name": "flux-custom-values-reader",
                "namespace": "flux-system",
                "resource_version": "1374",
                "uid": "b3ebf664-45e0-4577-a385-d20a9d98c151"
              }
            ],
            "role_ref": [
              {
                "api_group": "rbac.authorization.k8s.io",
                "kind": "Role",
                "name": "flux-custom-values-reader"
              }
            ],
            "subject": [
              {
                "api_group": "",
                "kind": "ServiceAccount",
                "name": "default",
                "namespace": "default"
              },
              {
                "api_group": "",
                "kind": "ServiceAccount",
                "name": "default",
                "namespace": "bookstore-frontend"
              },
              {
                "api_group": "",
                "kind": "ServiceAccount",
                "name": "default",
                "namespace": "controller"
              }
            ]
          },
          "sensitive_attributes": [],
          "private": "bnVsbA==",
          "dependencies": [
            "azurerm_kubernetes_cluster.aks",
            "azurerm_resource_group.eventhub_resource_group"
          ]
        }
      ]
    },
    {
      "mode": "managed",
      "type": "kubernetes_secret",
      "name": "flux_secrets",
      "provider": "provider[\"registry.terraform.io/hashicorp/kubernetes\"]",
      "instances": [
        {
          "schema_version": 0,
          "attributes": {
            "binary_data": null,
            "data": {
              "key_vault_url": "aHR0cHM6Ly9ldmVudGh1Yi1sYWIta3YudmF1bHQuYXp1cmUubmV0Lw=="
            },
            "id": "flux-system/flux-secrets",
            "immutable": false,
            "metadata": [
              {
                "annotations": {},
                "generate_name": "",
                "generation": 0,
                "labels": {},
                "name": "flux-secrets",
                "namespace": "flux-system",
                "resource_version": "2620",
                "uid": "32b5daf4-2bbd-4012-9a72-3aab2a98f79f"
              }
            ],
            "timeouts": null,
            "type": "Opaque",
            "wait_for_service_account_token": true
          },
          "sensitive_attributes": [],
          "private": "eyJlMmJmYjczMC1lY2FhLTExZTYtOGY4OC0zNDM2M2JjN2M0YzAiOnsiY3JlYXRlIjo2MDAwMDAwMDAwMH19",
          "dependencies": [
            "azurerm_key_vault.keyvault",
            "azurerm_kubernetes_cluster.aks",
            "azurerm_kubernetes_cluster_extension.flux",
            "azurerm_resource_group.eventhub_resource_group",
            "data.azurerm_client_config.current",
            "kubernetes_namespace.namespaces"
          ],
          "create_before_destroy": true
        }
      ]
    },
    {
      "mode": "managed",
      "type": "kubernetes_service_account",
      "name": "workload_identity_sa",
      "provider": "provider[\"registry.terraform.io/hashicorp/kubernetes\"]",
      "instances": [
        {
          "index_key": "bookstore-frontend",
          "schema_version": 0,
          "attributes": {
            "automount_service_account_token": true,
            "default_secret_name": "",
            "id": "bookstore-frontend/workload-identity-sa",
            "image_pull_secret": [],
            "metadata": [
              {
                "annotations": {
                  "azure.workload.identity/client-id": "e9ce2e8d-4679-48de-a8fd-00c03f7f7ede"
                },
                "generate_name": "",
                "generation": 0,
                "labels": {},
                "name": "workload-identity-sa",
                "namespace": "bookstore-frontend",
                "resource_version": "1384",
                "uid": "fa8081ce-5366-420a-9f88-882b55c45b2a"
              }
            ],
            "secret": [],
            "timeouts": null
          },
          "sensitive_attributes": [],
          "private": "eyJlMmJmYjczMC1lY2FhLTExZTYtOGY4OC0zNDM2M2JjN2M0YzAiOnsiY3JlYXRlIjozMDAwMDAwMDAwMH19",
          "dependencies": [
            "azurerm_kubernetes_cluster.aks",
            "azurerm_resource_group.eventhub_resource_group",
            "azurerm_user_assigned_identity.workload_identity",
            "kubernetes_namespace.namespaces"
          ]
        },
        {
          "index_key": "controller",
          "schema_version": 0,
          "attributes": {
            "automount_service_account_token": true,
            "default_secret_name": "",
            "id": "controller/workload-identity-sa",
            "image_pull_secret": [],
            "metadata": [
              {
                "annotations": {
                  "azure.workload.identity/client-id": "e9ce2e8d-4679-48de-a8fd-00c03f7f7ede"
                },
                "generate_name": "",
                "generation": 0,
                "labels": {},
                "name": "workload-identity-sa",
                "namespace": "controller",
                "resource_version": "1383",
                "uid": "5c2b8618-2951-4b4a-a407-02765e152f87"
              }
            ],
            "secret": [],
            "timeouts": null
          },
          "sensitive_attributes": [],
          "private": "eyJlMmJmYjczMC1lY2FhLTExZTYtOGY4OC0zNDM2M2JjN2M0YzAiOnsiY3JlYXRlIjozMDAwMDAwMDAwMH19",
          "dependencies": [
            "azurerm_kubernetes_cluster.aks",
            "azurerm_resource_group.eventhub_resource_group",
            "azurerm_user_assigned_identity.workload_identity",
            "kubernetes_namespace.namespaces"
          ]
        },
        {
          "index_key": "flux-system",
          "schema_version": 0,
          "attributes": {
            "automount_service_account_token": true,
            "default_secret_name": "",
            "id": "flux-system/workload-identity-sa",
            "image_pull_secret": [],
            "metadata": [
              {
                "annotations": {
                  "azure.workload.identity/client-id": "e9ce2e8d-4679-48de-a8fd-00c03f7f7ede"
                },
                "generate_name": "",
                "generation": 0,
                "labels": {},
                "name": "workload-identity-sa",
                "namespace": "flux-system",
                "resource_version": "1385",
                "uid": "b8482a0a-9cce-45cb-b909-04a3b2827e2b"
              }
            ],
            "secret": [],
            "timeouts": null
          },
          "sensitive_attributes": [],
          "private": "eyJlMmJmYjczMC1lY2FhLTExZTYtOGY4OC0zNDM2M2JjN2M0YzAiOnsiY3JlYXRlIjozMDAwMDAwMDAwMH19",
          "dependencies": [
            "azurerm_kubernetes_cluster.aks",
            "azurerm_resource_group.eventhub_resource_group",
            "azurerm_user_assigned_identity.workload_identity",
            "kubernetes_namespace.namespaces"
          ]
        }
      ]
    },
    {
      "mode": "managed",
      "type": "random_password",
      "name": "postgresql_admin_password",
      "provider": "provider[\"registry.terraform.io/hashicorp/random\"]",
      "instances": [
        {
          "schema_version": 3,
          "attributes": {
            "bcrypt_hash": "$2a$10$h.l.hxHYtqwpP.YUI3fBPe3O2UVMlMOlDPLzYlGmkTH5emV3wfqGS",
            "id": "none",
            "keepers": null,
            "length": 16,
            "lower": true,
            "min_lower": 1,
            "min_numeric": 1,
            "min_special": 1,
            "min_upper": 1,
            "number": true,
            "numeric": true,
            "override_special": "!#$%\u0026*()-_=+[]{}\u003c\u003e:?",
            "result": "S-S4cZL1sr8G[eRq",
            "special": true,
            "upper": true
          },
          "sensitive_attributes": []
        }
      ]
    },
    {
      "mode": "managed",
      "type": "time_sleep",
      "name": "wait_60_seconds",
      "provider": "provider[\"registry.terraform.io/hashicorp/time\"]",
      "instances": [
        {
          "schema_version": 0,
          "attributes": {
            "create_duration": "60s",
            "destroy_duration": null,
            "id": "2024-07-31T10:48:41Z",
            "triggers": null
          },
          "sensitive_attributes": [],
          "dependencies": [
            "azurerm_key_vault.keyvault",
            "azurerm_resource_group.eventhub_resource_group",
            "data.azurerm_client_config.current"
          ]
        }
      ]
    }
  ],
  "check_results": null
}
